// !$*UTF8*$!
{
	archiveVersion = 1;
	classes = {
	};
	objectVersion = 50;
	objects = {

/* Begin PBXBuildFile section */
		481E5A8221B61623004BFEA8 /* KVOPerson.m in Sources */ = {isa = PBXBuildFile; fileRef = 481E5A8121B61623004BFEA8 /* KVOPerson.m */; };
		481E5A8821B61BEA004BFEA8 /* OC-KVO.md in Resources */ = {isa = PBXBuildFile; fileRef = 481E5A8521B61BEA004BFEA8 /* OC-KVO.md */; };
		481E5A8921B61BEA004BFEA8 /* OC-Instance.md in Resources */ = {isa = PBXBuildFile; fileRef = 481E5A8621B61BEA004BFEA8 /* OC-Instance.md */; };
		481E5A8A21B61BEA004BFEA8 /* OC-Class.md in Resources */ = {isa = PBXBuildFile; fileRef = 481E5A8721B61BEA004BFEA8 /* OC-Class.md */; };
		481E5B3921B6CB53004BFEA8 /* RunLoopView.m in Sources */ = {isa = PBXBuildFile; fileRef = 481E5B3821B6CB53004BFEA8 /* RunLoopView.m */; };
		481E5B3C21B6D1F5004BFEA8 /* RunLoopChildViewController.m in Sources */ = {isa = PBXBuildFile; fileRef = 481E5B3B21B6D1F5004BFEA8 /* RunLoopChildViewController.m */; };
		482D733521B8040600A83F0A /* CategoryPerson.m in Sources */ = {isa = PBXBuildFile; fileRef = 482D733421B8040600A83F0A /* CategoryPerson.m */; };
		482D733821B8042C00A83F0A /* CategoryPerson+Test.m in Sources */ = {isa = PBXBuildFile; fileRef = 482D733721B8042C00A83F0A /* CategoryPerson+Test.m */; };
		482D733B21B8043A00A83F0A /* CategoryPerson+TestTwo.m in Sources */ = {isa = PBXBuildFile; fileRef = 482D733A21B8043A00A83F0A /* CategoryPerson+TestTwo.m */; };
		48CDA6FF21B2C18300B32374 /* AppDelegate.m in Sources */ = {isa = PBXBuildFile; fileRef = 48CDA6FE21B2C18300B32374 /* AppDelegate.m */; };
		48CDA70221B2C18300B32374 /* ViewController.m in Sources */ = {isa = PBXBuildFile; fileRef = 48CDA70121B2C18300B32374 /* ViewController.m */; };
		48CDA70521B2C18300B32374 /* Main.storyboard in Resources */ = {isa = PBXBuildFile; fileRef = 48CDA70321B2C18300B32374 /* Main.storyboard */; };
		48CDA70721B2C18400B32374 /* Assets.xcassets in Resources */ = {isa = PBXBuildFile; fileRef = 48CDA70621B2C18400B32374 /* Assets.xcassets */; };
		48CDA70A21B2C18400B32374 /* LaunchScreen.storyboard in Resources */ = {isa = PBXBuildFile; fileRef = 48CDA70821B2C18400B32374 /* LaunchScreen.storyboard */; };
		48CDA70D21B2C18400B32374 /* main.m in Sources */ = {isa = PBXBuildFile; fileRef = 48CDA70C21B2C18400B32374 /* main.m */; };
		48CDA71721B2C18400B32374 /* iOS______UITests.m in Sources */ = {isa = PBXBuildFile; fileRef = 48CDA71621B2C18400B32374 /* iOS______UITests.m */; };
		48CDA72721B3648D00B32374 /* Student.m in Sources */ = {isa = PBXBuildFile; fileRef = 48CDA72621B3648D00B32374 /* Student.m */; };
		48CDA72C21B4190300B32374 /* PersonOne.m in Sources */ = {isa = PBXBuildFile; fileRef = 48CDA72B21B4190300B32374 /* PersonOne.m */; };
		48CDA72F21B41D6A00B32374 /* StuentOne.m in Sources */ = {isa = PBXBuildFile; fileRef = 48CDA72E21B41D6A00B32374 /* StuentOne.m */; };
/* End PBXBuildFile section */

/* Begin PBXContainerItemProxy section */
		48CDA71321B2C18400B32374 /* PBXContainerItemProxy */ = {
			isa = PBXContainerItemProxy;
			containerPortal = 48CDA6F221B2C18300B32374 /* Project object */;
			proxyType = 1;
			remoteGlobalIDString = 48CDA6F921B2C18300B32374;
			remoteInfo = "iOS底层原理总结";
		};
		48CDA86B21B4362000B32374 /* PBXContainerItemProxy */ = {
			isa = PBXContainerItemProxy;
			containerPortal = 48CDA86121B4362000B32374 /* objc.xcodeproj */;
			proxyType = 2;
			remoteGlobalIDString = D2AAC0630554660B00DB518D;
			remoteInfo = objc;
		};
/* End PBXContainerItemProxy section */

/* Begin PBXFileReference section */
		481E5A8021B61623004BFEA8 /* KVOPerson.h */ = {isa = PBXFileReference; lastKnownFileType = sourcecode.c.h; path = KVOPerson.h; sourceTree = "<group>"; };
		481E5A8121B61623004BFEA8 /* KVOPerson.m */ = {isa = PBXFileReference; lastKnownFileType = sourcecode.c.objc; path = KVOPerson.m; sourceTree = "<group>"; };
		481E5A8521B61BEA004BFEA8 /* OC-KVO.md */ = {isa = PBXFileReference; fileEncoding = 4; lastKnownFileType = net.daringfireball.markdown; path = "OC-KVO.md"; sourceTree = "<group>"; };
		481E5A8621B61BEA004BFEA8 /* OC-Instance.md */ = {isa = PBXFileReference; fileEncoding = 4; lastKnownFileType = net.daringfireball.markdown; path = "OC-Instance.md"; sourceTree = "<group>"; };
		481E5A8721B61BEA004BFEA8 /* OC-Class.md */ = {isa = PBXFileReference; fileEncoding = 4; lastKnownFileType = net.daringfireball.markdown; path = "OC-Class.md"; sourceTree = "<group>"; };
		481E5A9221B6B76F004BFEA8 /* CFUUID.h */ = {isa = PBXFileReference; lastKnownFileType = sourcecode.c.h; path = CFUUID.h; sourceTree = "<group>"; };
		481E5A9321B6B76F004BFEA8 /* CFUniCharPriv.h */ = {isa = PBXFileReference; lastKnownFileType = sourcecode.c.h; path = CFUniCharPriv.h; sourceTree = "<group>"; };
		481E5A9421B6B76F004BFEA8 /* CFBundle.h */ = {isa = PBXFileReference; lastKnownFileType = sourcecode.c.h; path = CFBundle.h; sourceTree = "<group>"; };
		481E5A9521B6B76F004BFEA8 /* CFBigNumber.h */ = {isa = PBXFileReference; lastKnownFileType = sourcecode.c.h; path = CFBigNumber.h; sourceTree = "<group>"; };
		481E5A9621B6B76F004BFEA8 /* CFXMLInputStream.h */ = {isa = PBXFileReference; lastKnownFileType = sourcecode.c.h; path = CFXMLInputStream.h; sourceTree = "<group>"; };
		481E5A9721B6B76F004BFEA8 /* CFNumber.c */ = {isa = PBXFileReference; lastKnownFileType = sourcecode.c.c; path = CFNumber.c; sourceTree = "<group>"; };
		481E5A9821B6B76F004BFEA8 /* CFError.c */ = {isa = PBXFileReference; lastKnownFileType = sourcecode.c.c; path = CFError.c; sourceTree = "<group>"; };
		481E5A9921B6B76F004BFEA8 /* CFBundle_Internal.h */ = {isa = PBXFileReference; lastKnownFileType = sourcecode.c.h; path = CFBundle_Internal.h; sourceTree = "<group>"; };
		481E5A9A21B6B76F004BFEA8 /* CFURL.inc.h */ = {isa = PBXFileReference; lastKnownFileType = sourcecode.c.h; path = CFURL.inc.h; sourceTree = "<group>"; };
		481E5A9B21B6B76F004BFEA8 /* CFPropertyList.c */ = {isa = PBXFileReference; lastKnownFileType = sourcecode.c.c; path = CFPropertyList.c; sourceTree = "<group>"; };
		481E5A9C21B6B76F004BFEA8 /* CFBag.h */ = {isa = PBXFileReference; lastKnownFileType = sourcecode.c.h; path = CFBag.h; sourceTree = "<group>"; };
		481E5A9D21B6B76F004BFEA8 /* CFStringEncodingConverterPriv.h */ = {isa = PBXFileReference; lastKnownFileType = sourcecode.c.h; path = CFStringEncodingConverterPriv.h; sourceTree = "<group>"; };
		481E5A9E21B6B76F004BFEA8 /* CFRuntime.h */ = {isa = PBXFileReference; lastKnownFileType = sourcecode.c.h; path = CFRuntime.h; sourceTree = "<group>"; };
		481E5A9F21B6B76F004BFEA8 /* CFPreferences.h */ = {isa = PBXFileReference; lastKnownFileType = sourcecode.c.h; path = CFPreferences.h; sourceTree = "<group>"; };
		481E5AA021B6B76F004BFEA8 /* CFConcreteStreams.c */ = {isa = PBXFileReference; lastKnownFileType = sourcecode.c.c; path = CFConcreteStreams.c; sourceTree = "<group>"; };
		481E5AA121B6B76F004BFEA8 /* CoreFoundation_Prefix.h */ = {isa = PBXFileReference; lastKnownFileType = sourcecode.c.h; path = CoreFoundation_Prefix.h; sourceTree = "<group>"; };
		481E5AA221B6B76F004BFEA8 /* CFAvailability.h */ = {isa = PBXFileReference; lastKnownFileType = sourcecode.c.h; path = CFAvailability.h; sourceTree = "<group>"; };
		481E5AA321B6B76F004BFEA8 /* SymbolAliases */ = {isa = PBXFileReference; lastKnownFileType = text; path = SymbolAliases; sourceTree = "<group>"; };
		481E5AA421B6B76F004BFEA8 /* CFUserNotification.h */ = {isa = PBXFileReference; lastKnownFileType = sourcecode.c.h; path = CFUserNotification.h; sourceTree = "<group>"; };
		481E5AA521B6B76F004BFEA8 /* CFTimeZone.c */ = {isa = PBXFileReference; lastKnownFileType = sourcecode.c.c; path = CFTimeZone.c; sourceTree = "<group>"; };
		481E5AA621B6B76F004BFEA8 /* CFVersion.c */ = {isa = PBXFileReference; lastKnownFileType = sourcecode.c.c; path = CFVersion.c; sourceTree = "<group>"; };
		481E5AA721B6B76F004BFEA8 /* ForFoundationOnly.h */ = {isa = PBXFileReference; lastKnownFileType = sourcecode.c.h; path = ForFoundationOnly.h; sourceTree = "<group>"; };
		481E5AA821B6B76F004BFEA8 /* CFBinaryPList.c */ = {isa = PBXFileReference; lastKnownFileType = sourcecode.c.c; path = CFBinaryPList.c; sourceTree = "<group>"; };
		481E5AA921B6B76F004BFEA8 /* CFXMLNode.h */ = {isa = PBXFileReference; lastKnownFileType = sourcecode.c.h; path = CFXMLNode.h; sourceTree = "<group>"; };
		481E5AAA21B6B76F004BFEA8 /* CFBundle_Resources.c */ = {isa = PBXFileReference; lastKnownFileType = sourcecode.c.c; path = CFBundle_Resources.c; sourceTree = "<group>"; };
		481E5AAB21B6B76F004BFEA8 /* CFStreamAbstract.h */ = {isa = PBXFileReference; lastKnownFileType = sourcecode.c.h; path = CFStreamAbstract.h; sourceTree = "<group>"; };
		481E5AAC21B6B76F004BFEA8 /* CFString.c */ = {isa = PBXFileReference; lastKnownFileType = sourcecode.c.c; path = CFString.c; sourceTree = "<group>"; };
		481E5AAD21B6B76F004BFEA8 /* CFBasicHash.c */ = {isa = PBXFileReference; lastKnownFileType = sourcecode.c.c; path = CFBasicHash.c; sourceTree = "<group>"; };
		481E5AAE21B6B76F004BFEA8 /* CFArray.h */ = {isa = PBXFileReference; lastKnownFileType = sourcecode.c.h; path = CFArray.h; sourceTree = "<group>"; };
		481E5AAF21B6B76F004BFEA8 /* CFBundle_InfoPlist.c */ = {isa = PBXFileReference; lastKnownFileType = sourcecode.c.c; path = CFBundle_InfoPlist.c; sourceTree = "<group>"; };
		481E5AB021B6B76F004BFEA8 /* CFXMLParser.c */ = {isa = PBXFileReference; lastKnownFileType = sourcecode.c.c; path = CFXMLParser.c; sourceTree = "<group>"; };
		481E5AB121B6B76F004BFEA8 /* CFBitVector.c */ = {isa = PBXFileReference; lastKnownFileType = sourcecode.c.c; path = CFBitVector.c; sourceTree = "<group>"; };
		481E5AB221B6B76F004BFEA8 /* CFStream.h */ = {isa = PBXFileReference; lastKnownFileType = sourcecode.c.h; path = CFStream.h; sourceTree = "<group>"; };
		481E5AB321B6B76F004BFEA8 /* CFRunLoop.c */ = {isa = PBXFileReference; lastKnownFileType = sourcecode.c.c; path = CFRunLoop.c; sourceTree = "<group>"; };
		481E5AB421B6B76F004BFEA8 /* CoreFoundation.h */ = {isa = PBXFileReference; lastKnownFileType = sourcecode.c.h; path = CoreFoundation.h; sourceTree = "<group>"; };
		481E5AB521B6B76F004BFEA8 /* CFBundle_BinaryTypes.h */ = {isa = PBXFileReference; lastKnownFileType = sourcecode.c.h; path = CFBundle_BinaryTypes.h; sourceTree = "<group>"; };
		481E5AB621B6B76F004BFEA8 /* CFSocket.c */ = {isa = PBXFileReference; lastKnownFileType = sourcecode.c.c; path = CFSocket.c; sourceTree = "<group>"; };
		481E5AB721B6B76F004BFEA8 /* CFDictionary.h */ = {isa = PBXFileReference; lastKnownFileType = sourcecode.c.h; path = CFDictionary.h; sourceTree = "<group>"; };
		481E5AB821B6B76F004BFEA8 /* APPLE_LICENSE */ = {isa = PBXFileReference; lastKnownFileType = text; path = APPLE_LICENSE; sourceTree = "<group>"; };
		481E5AB921B6B76F004BFEA8 /* CFURL.c */ = {isa = PBXFileReference; lastKnownFileType = sourcecode.c.c; path = CFURL.c; sourceTree = "<group>"; };
		481E5ABA21B6B76F004BFEA8 /* CFApplicationPreferences.c */ = {isa = PBXFileReference; lastKnownFileType = sourcecode.c.c; path = CFApplicationPreferences.c; sourceTree = "<group>"; };
		481E5ABB21B6B76F004BFEA8 /* CFCharacterSet.h */ = {isa = PBXFileReference; lastKnownFileType = sourcecode.c.h; path = CFCharacterSet.h; sourceTree = "<group>"; };
		481E5ABC21B6B76F004BFEA8 /* CFBasicHashFindBucket.m */ = {isa = PBXFileReference; lastKnownFileType = sourcecode.c.objc; path = CFBasicHashFindBucket.m; sourceTree = "<group>"; };
		481E5ABD21B6B76F004BFEA8 /* CFStorage.h */ = {isa = PBXFileReference; lastKnownFileType = sourcecode.c.h; path = CFStorage.h; sourceTree = "<group>"; };
		481E5ABE21B6B76F004BFEA8 /* CFStringEncodingDatabase.c */ = {isa = PBXFileReference; lastKnownFileType = sourcecode.c.c; path = CFStringEncodingDatabase.c; sourceTree = "<group>"; };
		481E5ABF21B6B76F004BFEA8 /* CFSystemDirectories.c */ = {isa = PBXFileReference; lastKnownFileType = sourcecode.c.c; path = CFSystemDirectories.c; sourceTree = "<group>"; };
		481E5AC021B6B76F004BFEA8 /* CFUnicodeData-B.mapping */ = {isa = PBXFileReference; lastKnownFileType = file; path = "CFUnicodeData-B.mapping"; sourceTree = "<group>"; };
		481E5AC121B6B76F004BFEA8 /* CFCalendar.c */ = {isa = PBXFileReference; lastKnownFileType = sourcecode.c.c; path = CFCalendar.c; sourceTree = "<group>"; };
		481E5AC221B6B76F004BFEA8 /* CFOldStylePList.c */ = {isa = PBXFileReference; lastKnownFileType = sourcecode.c.c; path = CFOldStylePList.c; sourceTree = "<group>"; };
		481E5AC321B6B76F004BFEA8 /* Makefile */ = {isa = PBXFileReference; lastKnownFileType = sourcecode.make; path = Makefile; sourceTree = "<group>"; };
		481E5AC421B6B76F004BFEA8 /* CFDateFormatter.h */ = {isa = PBXFileReference; lastKnownFileType = sourcecode.c.h; path = CFDateFormatter.h; sourceTree = "<group>"; };
		481E5AC521B6B76F004BFEA8 /* CFPlugIn_Factory.h */ = {isa = PBXFileReference; lastKnownFileType = sourcecode.c.h; path = CFPlugIn_Factory.h; sourceTree = "<group>"; };
		481E5AC621B6B76F004BFEA8 /* CFICUConverters.c */ = {isa = PBXFileReference; lastKnownFileType = sourcecode.c.c; path = CFICUConverters.c; sourceTree = "<group>"; };
		481E5AC721B6B76F004BFEA8 /* CFSet.c */ = {isa = PBXFileReference; lastKnownFileType = sourcecode.c.c; path = CFSet.c; sourceTree = "<group>"; };
		481E5AC821B6B76F004BFEA8 /* CFBase.c */ = {isa = PBXFileReference; lastKnownFileType = sourcecode.c.c; path = CFBase.c; sourceTree = "<group>"; };
		481E5AC921B6B76F004BFEA8 /* CFTree.h */ = {isa = PBXFileReference; lastKnownFileType = sourcecode.c.h; path = CFTree.h; sourceTree = "<group>"; };
		481E5ACA21B6B76F004BFEA8 /* CFSortFunctions.c */ = {isa = PBXFileReference; lastKnownFileType = sourcecode.c.c; path = CFSortFunctions.c; sourceTree = "<group>"; };
		481E5ACB21B6B76F004BFEA8 /* CFBinaryHeap.c */ = {isa = PBXFileReference; lastKnownFileType = sourcecode.c.c; path = CFBinaryHeap.c; sourceTree = "<group>"; };
		481E5ACC21B6B76F004BFEA8 /* CFMessagePort.h */ = {isa = PBXFileReference; lastKnownFileType = sourcecode.c.h; path = CFMessagePort.h; sourceTree = "<group>"; };
		481E5ACD21B6B76F004BFEA8 /* CFUtilities.c */ = {isa = PBXFileReference; lastKnownFileType = sourcecode.c.c; path = CFUtilities.c; sourceTree = "<group>"; };
		481E5ACE21B6B76F004BFEA8 /* MakefileVersion */ = {isa = PBXFileReference; lastKnownFileType = text; path = MakefileVersion; sourceTree = "<group>"; };
		481E5ACF21B6B76F004BFEA8 /* CFUnicodePrecomposition.h */ = {isa = PBXFileReference; lastKnownFileType = sourcecode.c.h; path = CFUnicodePrecomposition.h; sourceTree = "<group>"; };
		481E5AD021B6B76F004BFEA8 /* CFMachPort.h */ = {isa = PBXFileReference; lastKnownFileType = sourcecode.c.h; path = CFMachPort.h; sourceTree = "<group>"; };
		481E5AD121B6B76F004BFEA8 /* CFICULogging.h */ = {isa = PBXFileReference; lastKnownFileType = sourcecode.c.h; path = CFICULogging.h; sourceTree = "<group>"; };
		481E5AD221B6B76F004BFEA8 /* CFPlugInCOM.h */ = {isa = PBXFileReference; lastKnownFileType = sourcecode.c.h; path = CFPlugInCOM.h; sourceTree = "<group>"; };
		481E5AD321B6B76F004BFEA8 /* CFPlugIn.h */ = {isa = PBXFileReference; lastKnownFileType = sourcecode.c.h; path = CFPlugIn.h; sourceTree = "<group>"; };
		481E5AD421B6B76F004BFEA8 /* CFFileUtilities.c */ = {isa = PBXFileReference; lastKnownFileType = sourcecode.c.c; path = CFFileUtilities.c; sourceTree = "<group>"; };
		481E5AD521B6B76F004BFEA8 /* CFLocaleKeys.c */ = {isa = PBXFileReference; lastKnownFileType = sourcecode.c.c; path = CFLocaleKeys.c; sourceTree = "<group>"; };
		481E5AD621B6B76F004BFEA8 /* CFUnicodeDecomposition.h */ = {isa = PBXFileReference; lastKnownFileType = sourcecode.c.h; path = CFUnicodeDecomposition.h; sourceTree = "<group>"; };
		481E5AD721B6B76F004BFEA8 /* CFDate.h */ = {isa = PBXFileReference; lastKnownFileType = sourcecode.c.h; path = CFDate.h; sourceTree = "<group>"; };
		481E5AD821B6B76F004BFEA8 /* CFBurstTrie.h */ = {isa = PBXFileReference; lastKnownFileType = sourcecode.c.h; path = CFBurstTrie.h; sourceTree = "<group>"; };
		481E5AD921B6B76F004BFEA8 /* CFStringEncodingConverter.h */ = {isa = PBXFileReference; lastKnownFileType = sourcecode.c.h; path = CFStringEncodingConverter.h; sourceTree = "<group>"; };
		481E5ADA21B6B76F004BFEA8 /* CFStreamInternal.h */ = {isa = PBXFileReference; lastKnownFileType = sourcecode.c.h; path = CFStreamInternal.h; sourceTree = "<group>"; };
		481E5ADB21B6B76F004BFEA8 /* CFStringEncodingConverterExt.h */ = {isa = PBXFileReference; lastKnownFileType = sourcecode.c.h; path = CFStringEncodingConverterExt.h; sourceTree = "<group>"; };
		481E5ADC21B6B76F004BFEA8 /* CFLocale.h */ = {isa = PBXFileReference; lastKnownFileType = sourcecode.c.h; path = CFLocale.h; sourceTree = "<group>"; };
		481E5ADD21B6B76F004BFEA8 /* CFData.h */ = {isa = PBXFileReference; lastKnownFileType = sourcecode.c.h; path = CFData.h; sourceTree = "<group>"; };
		481E5ADE21B6B76F004BFEA8 /* CFUniChar.c */ = {isa = PBXFileReference; lastKnownFileType = sourcecode.c.c; path = CFUniChar.c; sourceTree = "<group>"; };
		481E5ADF21B6B76F004BFEA8 /* CFNumberFormatter.h */ = {isa = PBXFileReference; lastKnownFileType = sourcecode.c.h; path = CFNumberFormatter.h; sourceTree = "<group>"; };
		481E5AE021B6B76F004BFEA8 /* CFURLAccess.h */ = {isa = PBXFileReference; lastKnownFileType = sourcecode.c.h; path = CFURLAccess.h; sourceTree = "<group>"; };
		481E5AE121B6B76F004BFEA8 /* CFLocaleInternal.h */ = {isa = PBXFileReference; lastKnownFileType = sourcecode.c.h; path = CFLocaleInternal.h; sourceTree = "<group>"; };
		481E5AE221B6B76F004BFEA8 /* CFStreamPriv.h */ = {isa = PBXFileReference; lastKnownFileType = sourcecode.c.h; path = CFStreamPriv.h; sourceTree = "<group>"; };
		481E5AE321B6B76F004BFEA8 /* CFLogUtilities.h */ = {isa = PBXFileReference; lastKnownFileType = sourcecode.c.h; path = CFLogUtilities.h; sourceTree = "<group>"; };
		481E5AE421B6B76F004BFEA8 /* CFRuntime.c */ = {isa = PBXFileReference; lastKnownFileType = sourcecode.c.c; path = CFRuntime.c; sourceTree = "<group>"; };
		481E5AE521B6B76F004BFEA8 /* CFPreferences.c */ = {isa = PBXFileReference; lastKnownFileType = sourcecode.c.c; path = CFPreferences.c; sourceTree = "<group>"; };
		481E5AE621B6B76F004BFEA8 /* CFUserNotification.c */ = {isa = PBXFileReference; lastKnownFileType = sourcecode.c.c; path = CFUserNotification.c; sourceTree = "<group>"; };
		481E5AE721B6B76F004BFEA8 /* CFTimeZone.h */ = {isa = PBXFileReference; lastKnownFileType = sourcecode.c.h; path = CFTimeZone.h; sourceTree = "<group>"; };
		481E5AE821B6B76F004BFEA8 /* TargetConditionals.h */ = {isa = PBXFileReference; lastKnownFileType = sourcecode.c.h; path = TargetConditionals.h; sourceTree = "<group>"; };
		481E5AE921B6B76F004BFEA8 /* CFXMLPreferencesDomain.c */ = {isa = PBXFileReference; lastKnownFileType = sourcecode.c.c; path = CFXMLPreferencesDomain.c; sourceTree = "<group>"; };
		481E5AEA21B6B76F004BFEA8 /* CFError.h */ = {isa = PBXFileReference; lastKnownFileType = sourcecode.c.h; path = CFError.h; sourceTree = "<group>"; };
		481E5AEB21B6B76F004BFEA8 /* CFNumber.h */ = {isa = PBXFileReference; lastKnownFileType = sourcecode.c.h; path = CFNumber.h; sourceTree = "<group>"; };
		481E5AEC21B6B76F004BFEA8 /* CFBundlePriv.h */ = {isa = PBXFileReference; lastKnownFileType = sourcecode.c.h; path = CFBundlePriv.h; sourceTree = "<group>"; };
		481E5AED21B6B76F004BFEA8 /* README_CFLITE */ = {isa = PBXFileReference; lastKnownFileType = text; path = README_CFLITE; sourceTree = "<group>"; };
		481E5AEE21B6B76F004BFEA8 /* CFCharacterSetBitmaps.bitmap */ = {isa = PBXFileReference; lastKnownFileType = file; path = CFCharacterSetBitmaps.bitmap; sourceTree = "<group>"; };
		481E5AEF21B6B76F004BFEA8 /* CFXMLInputStream.c */ = {isa = PBXFileReference; lastKnownFileType = sourcecode.c.c; path = CFXMLInputStream.c; sourceTree = "<group>"; };
		481E5AF021B6B76F004BFEA8 /* CFBag.c */ = {isa = PBXFileReference; lastKnownFileType = sourcecode.c.c; path = CFBag.c; sourceTree = "<group>"; };
		481E5AF121B6B76F004BFEA8 /* CFPropertyList.h */ = {isa = PBXFileReference; lastKnownFileType = sourcecode.c.h; path = CFPropertyList.h; sourceTree = "<group>"; };
		481E5AF221B6B76F004BFEA8 /* CFBundle.c */ = {isa = PBXFileReference; lastKnownFileType = sourcecode.c.c; path = CFBundle.c; sourceTree = "<group>"; };
		481E5AF321B6B76F004BFEA8 /* CFSocketStream.c */ = {isa = PBXFileReference; lastKnownFileType = sourcecode.c.c; path = CFSocketStream.c; sourceTree = "<group>"; };
		481E5AF421B6B76F004BFEA8 /* CFBigNumber.c */ = {isa = PBXFileReference; lastKnownFileType = sourcecode.c.c; path = CFBigNumber.c; sourceTree = "<group>"; };
		481E5AF521B6B76F004BFEA8 /* CFUUID.c */ = {isa = PBXFileReference; lastKnownFileType = sourcecode.c.c; path = CFUUID.c; sourceTree = "<group>"; };
		481E5AF621B6B76F004BFEA8 /* PropertyList.dtd */ = {isa = PBXFileReference; lastKnownFileType = text.xml; path = PropertyList.dtd; sourceTree = "<group>"; };
		481E5AF721B6B76F004BFEA8 /* CFPlugIn_Instance.c */ = {isa = PBXFileReference; lastKnownFileType = sourcecode.c.c; path = CFPlugIn_Instance.c; sourceTree = "<group>"; };
		481E5AF821B6B76F004BFEA8 /* CFPriv.h */ = {isa = PBXFileReference; lastKnownFileType = sourcecode.c.h; path = CFPriv.h; sourceTree = "<group>"; };
		481E5AF921B6B76F004BFEA8 /* CFByteOrder.h */ = {isa = PBXFileReference; lastKnownFileType = sourcecode.c.h; path = CFByteOrder.h; sourceTree = "<group>"; };
		481E5AFA21B6B76F004BFEA8 /* CFBuiltinConverters.c */ = {isa = PBXFileReference; lastKnownFileType = sourcecode.c.c; path = CFBuiltinConverters.c; sourceTree = "<group>"; };
		481E5AFB21B6B76F004BFEA8 /* CFStorage.c */ = {isa = PBXFileReference; lastKnownFileType = sourcecode.c.c; path = CFStorage.c; sourceTree = "<group>"; };
		481E5AFD21B6B76F004BFEA8 /* plconvert.c */ = {isa = PBXFileReference; lastKnownFileType = sourcecode.c.c; path = plconvert.c; sourceTree = "<group>"; };
		481E5AFE21B6B76F004BFEA8 /* CFCharacterSet.c */ = {isa = PBXFileReference; lastKnownFileType = sourcecode.c.c; path = CFCharacterSet.c; sourceTree = "<group>"; };
		481E5AFF21B6B76F004BFEA8 /* CFDictionary.c */ = {isa = PBXFileReference; lastKnownFileType = sourcecode.c.c; path = CFDictionary.c; sourceTree = "<group>"; };
		481E5B0021B6B76F004BFEA8 /* CFSocket.h */ = {isa = PBXFileReference; lastKnownFileType = sourcecode.c.h; path = CFSocket.h; sourceTree = "<group>"; };
		481E5B0121B6B76F004BFEA8 /* CFURL.h */ = {isa = PBXFileReference; lastKnownFileType = sourcecode.c.h; path = CFURL.h; sourceTree = "<group>"; };
		481E5B0221B6B76F004BFEA8 /* CFInternal.h */ = {isa = PBXFileReference; lastKnownFileType = sourcecode.c.h; path = CFInternal.h; sourceTree = "<group>"; };
		481E5B0321B6B76F004BFEA8 /* CFBitVector.h */ = {isa = PBXFileReference; lastKnownFileType = sourcecode.c.h; path = CFBitVector.h; sourceTree = "<group>"; };
		481E5B0421B6B76F004BFEA8 /* CFXMLParser.h */ = {isa = PBXFileReference; lastKnownFileType = sourcecode.c.h; path = CFXMLParser.h; sourceTree = "<group>"; };
		481E5B0521B6B76F004BFEA8 /* CFXMLTree.c */ = {isa = PBXFileReference; lastKnownFileType = sourcecode.c.c; path = CFXMLTree.c; sourceTree = "<group>"; };
		481E5B0621B6B76F004BFEA8 /* CFRunLoop.h */ = {isa = PBXFileReference; lastKnownFileType = sourcecode.c.h; path = CFRunLoop.h; sourceTree = "<group>"; };
		481E5B0721B6B76F004BFEA8 /* CFStream.c */ = {isa = PBXFileReference; lastKnownFileType = sourcecode.c.c; path = CFStream.c; sourceTree = "<group>"; };
		481E5B0821B6B76F004BFEA8 /* CFLocaleIdentifier.c */ = {isa = PBXFileReference; lastKnownFileType = sourcecode.c.c; path = CFLocaleIdentifier.c; sourceTree = "<group>"; };
		481E5B0921B6B76F004BFEA8 /* CFXMLNode.c */ = {isa = PBXFileReference; lastKnownFileType = sourcecode.c.c; path = CFXMLNode.c; sourceTree = "<group>"; };
		481E5B0A21B6B76F004BFEA8 /* CFArray.c */ = {isa = PBXFileReference; lastKnownFileType = sourcecode.c.c; path = CFArray.c; sourceTree = "<group>"; };
		481E5B0B21B6B76F004BFEA8 /* CFBasicHash.h */ = {isa = PBXFileReference; lastKnownFileType = sourcecode.c.h; path = CFBasicHash.h; sourceTree = "<group>"; };
		481E5B0C21B6B76F004BFEA8 /* CFString.h */ = {isa = PBXFileReference; lastKnownFileType = sourcecode.c.h; path = CFString.h; sourceTree = "<group>"; };
		481E5B0D21B6B76F004BFEA8 /* CFPlatform.c */ = {isa = PBXFileReference; lastKnownFileType = sourcecode.c.c; path = CFPlatform.c; sourceTree = "<group>"; };
		481E5B0E21B6B76F004BFEA8 /* CFStringScanner.c */ = {isa = PBXFileReference; lastKnownFileType = sourcecode.c.c; path = CFStringScanner.c; sourceTree = "<group>"; };
		481E5B0F21B6B76F004BFEA8 /* CFMachPort.c */ = {isa = PBXFileReference; lastKnownFileType = sourcecode.c.c; path = CFMachPort.c; sourceTree = "<group>"; };
		481E5B1021B6B76F004BFEA8 /* CFUnicodePrecomposition.c */ = {isa = PBXFileReference; lastKnownFileType = sourcecode.c.c; path = CFUnicodePrecomposition.c; sourceTree = "<group>"; };
		481E5B1121B6B76F004BFEA8 /* CFBinaryHeap.h */ = {isa = PBXFileReference; lastKnownFileType = sourcecode.c.h; path = CFBinaryHeap.h; sourceTree = "<group>"; };
		481E5B1221B6B76F004BFEA8 /* CFMessagePort.c */ = {isa = PBXFileReference; lastKnownFileType = sourcecode.c.c; path = CFMessagePort.c; sourceTree = "<group>"; };
		481E5B1321B6B76F004BFEA8 /* CFTree.c */ = {isa = PBXFileReference; lastKnownFileType = sourcecode.c.c; path = CFTree.c; sourceTree = "<group>"; };
		481E5B1421B6B76F004BFEA8 /* CFBase.h */ = {isa = PBXFileReference; lastKnownFileType = sourcecode.c.h; path = CFBase.h; sourceTree = "<group>"; };
		481E5B1521B6B76F004BFEA8 /* CFURLPriv.h */ = {isa = PBXFileReference; lastKnownFileType = sourcecode.c.h; path = CFURLPriv.h; sourceTree = "<group>"; };
		481E5B1621B6B76F004BFEA8 /* CFSet.h */ = {isa = PBXFileReference; lastKnownFileType = sourcecode.c.h; path = CFSet.h; sourceTree = "<group>"; };
		481E5B1721B6B76F004BFEA8 /* CFUnicodeData-L.mapping */ = {isa = PBXFileReference; lastKnownFileType = file; path = "CFUnicodeData-L.mapping"; sourceTree = "<group>"; };
		481E5B1821B6B76F004BFEA8 /* CFPlatformConverters.c */ = {isa = PBXFileReference; lastKnownFileType = sourcecode.c.c; path = CFPlatformConverters.c; sourceTree = "<group>"; };
		481E5B1921B6B76F004BFEA8 /* CFUtilities.h */ = {isa = PBXFileReference; lastKnownFileType = sourcecode.c.h; path = CFUtilities.h; sourceTree = "<group>"; };
		481E5B1A21B6B76F004BFEA8 /* CFPlugIn_Factory.c */ = {isa = PBXFileReference; lastKnownFileType = sourcecode.c.c; path = CFPlugIn_Factory.c; sourceTree = "<group>"; };
		481E5B1B21B6B76F004BFEA8 /* CFDateFormatter.c */ = {isa = PBXFileReference; lastKnownFileType = sourcecode.c.c; path = CFDateFormatter.c; sourceTree = "<group>"; };
		481E5B1C21B6B76F004BFEA8 /* CFICUConverters.h */ = {isa = PBXFileReference; lastKnownFileType = sourcecode.c.h; path = CFICUConverters.h; sourceTree = "<group>"; };
		481E5B1D21B6B76F004BFEA8 /* CFUniCharPropertyDatabase.data */ = {isa = PBXFileReference; lastKnownFileType = file; path = CFUniCharPropertyDatabase.data; sourceTree = "<group>"; };
		481E5B1E21B6B76F004BFEA8 /* MakefileLinux */ = {isa = PBXFileReference; lastKnownFileType = text; path = MakefileLinux; sourceTree = "<group>"; };
		481E5B1F21B6B76F004BFEA8 /* CFStringUtilities.c */ = {isa = PBXFileReference; lastKnownFileType = sourcecode.c.c; path = CFStringUtilities.c; sourceTree = "<group>"; };
		481E5B2021B6B76F004BFEA8 /* CFStringEncodingDatabase.h */ = {isa = PBXFileReference; lastKnownFileType = sourcecode.c.h; path = CFStringEncodingDatabase.h; sourceTree = "<group>"; };
		481E5B2121B6B76F004BFEA8 /* CFStringDefaultEncoding.h */ = {isa = PBXFileReference; lastKnownFileType = sourcecode.c.h; path = CFStringDefaultEncoding.h; sourceTree = "<group>"; };
		481E5B2221B6B76F004BFEA8 /* CFCalendar.h */ = {isa = PBXFileReference; lastKnownFileType = sourcecode.c.h; path = CFCalendar.h; sourceTree = "<group>"; };
		481E5B2321B6B76F004BFEA8 /* CFError_Private.h */ = {isa = PBXFileReference; lastKnownFileType = sourcecode.c.h; path = CFError_Private.h; sourceTree = "<group>"; };
		481E5B2421B6B76F004BFEA8 /* CFWindowsUtilities.c */ = {isa = PBXFileReference; lastKnownFileType = sourcecode.c.c; path = CFWindowsUtilities.c; sourceTree = "<group>"; };
		481E5B2521B6B76F004BFEA8 /* plconvert.c */ = {isa = PBXFileReference; lastKnownFileType = sourcecode.c.c; path = plconvert.c; sourceTree = "<group>"; };
		481E5B2621B6B76F004BFEA8 /* CFURLAccess.c */ = {isa = PBXFileReference; lastKnownFileType = sourcecode.c.c; path = CFURLAccess.c; sourceTree = "<group>"; };
		481E5B2721B6B76F004BFEA8 /* CFNumberFormatter.c */ = {isa = PBXFileReference; lastKnownFileType = sourcecode.c.c; path = CFNumberFormatter.c; sourceTree = "<group>"; };
		481E5B2821B6B76F004BFEA8 /* CFStringEncodings.c */ = {isa = PBXFileReference; lastKnownFileType = sourcecode.c.c; path = CFStringEncodings.c; sourceTree = "<group>"; };
		481E5B2921B6B76F004BFEA8 /* CFLocale.c */ = {isa = PBXFileReference; lastKnownFileType = sourcecode.c.c; path = CFLocale.c; sourceTree = "<group>"; };
		481E5B2A21B6B76F004BFEA8 /* CFStringEncodingExt.h */ = {isa = PBXFileReference; lastKnownFileType = sourcecode.c.h; path = CFStringEncodingExt.h; sourceTree = "<group>"; };
		481E5B2B21B6B76F004BFEA8 /* CFUniChar.h */ = {isa = PBXFileReference; lastKnownFileType = sourcecode.c.h; path = CFUniChar.h; sourceTree = "<group>"; };
		481E5B2C21B6B76F004BFEA8 /* CFCharacterSetPriv.h */ = {isa = PBXFileReference; lastKnownFileType = sourcecode.c.h; path = CFCharacterSetPriv.h; sourceTree = "<group>"; };
		481E5B2D21B6B76F004BFEA8 /* Info.plist */ = {isa = PBXFileReference; lastKnownFileType = text.plist.xml; path = Info.plist; sourceTree = "<group>"; };
		481E5B2E21B6B76F004BFEA8 /* CFData.c */ = {isa = PBXFileReference; lastKnownFileType = sourcecode.c.c; path = CFData.c; sourceTree = "<group>"; };
		481E5B2F21B6B76F004BFEA8 /* CFStringEncodingConverter.c */ = {isa = PBXFileReference; lastKnownFileType = sourcecode.c.c; path = CFStringEncodingConverter.c; sourceTree = "<group>"; };
		481E5B3021B6B76F004BFEA8 /* CFBurstTrie.c */ = {isa = PBXFileReference; lastKnownFileType = sourcecode.c.c; path = CFBurstTrie.c; sourceTree = "<group>"; };
		481E5B3121B6B76F004BFEA8 /* CFDate.c */ = {isa = PBXFileReference; lastKnownFileType = sourcecode.c.c; path = CFDate.c; sourceTree = "<group>"; };
		481E5B3221B6B76F004BFEA8 /* CFUnicodeDecomposition.c */ = {isa = PBXFileReference; lastKnownFileType = sourcecode.c.c; path = CFUnicodeDecomposition.c; sourceTree = "<group>"; };
		481E5B3321B6B76F004BFEA8 /* CFPlugIn_PlugIn.c */ = {isa = PBXFileReference; lastKnownFileType = sourcecode.c.c; path = CFPlugIn_PlugIn.c; sourceTree = "<group>"; };
		481E5B3421B6B76F004BFEA8 /* CFPlugIn.c */ = {isa = PBXFileReference; lastKnownFileType = sourcecode.c.c; path = CFPlugIn.c; sourceTree = "<group>"; };
		481E5B3721B6CB53004BFEA8 /* RunLoopView.h */ = {isa = PBXFileReference; lastKnownFileType = sourcecode.c.h; path = RunLoopView.h; sourceTree = "<group>"; };
		481E5B3821B6CB53004BFEA8 /* RunLoopView.m */ = {isa = PBXFileReference; lastKnownFileType = sourcecode.c.objc; path = RunLoopView.m; sourceTree = "<group>"; };
		481E5B3A21B6D1F5004BFEA8 /* RunLoopChildViewController.h */ = {isa = PBXFileReference; lastKnownFileType = sourcecode.c.h; path = RunLoopChildViewController.h; sourceTree = "<group>"; };
		481E5B3B21B6D1F5004BFEA8 /* RunLoopChildViewController.m */ = {isa = PBXFileReference; lastKnownFileType = sourcecode.c.objc; path = RunLoopChildViewController.m; sourceTree = "<group>"; };
		481E5B3D21B79858004BFEA8 /* category.md */ = {isa = PBXFileReference; lastKnownFileType = net.daringfireball.markdown; path = category.md; sourceTree = "<group>"; };
		481E5B3E21B79858004BFEA8 /* runloop.md */ = {isa = PBXFileReference; lastKnownFileType = net.daringfireball.markdown; path = runloop.md; sourceTree = "<group>"; };
		482D733321B8040600A83F0A /* CategoryPerson.h */ = {isa = PBXFileReference; lastKnownFileType = sourcecode.c.h; path = CategoryPerson.h; sourceTree = "<group>"; };
		482D733421B8040600A83F0A /* CategoryPerson.m */ = {isa = PBXFileReference; lastKnownFileType = sourcecode.c.objc; path = CategoryPerson.m; sourceTree = "<group>"; };
		482D733621B8042C00A83F0A /* CategoryPerson+Test.h */ = {isa = PBXFileReference; lastKnownFileType = sourcecode.c.h; path = "CategoryPerson+Test.h"; sourceTree = "<group>"; };
		482D733721B8042C00A83F0A /* CategoryPerson+Test.m */ = {isa = PBXFileReference; lastKnownFileType = sourcecode.c.objc; path = "CategoryPerson+Test.m"; sourceTree = "<group>"; };
		482D733921B8043A00A83F0A /* CategoryPerson+TestTwo.h */ = {isa = PBXFileReference; lastKnownFileType = sourcecode.c.h; path = "CategoryPerson+TestTwo.h"; sourceTree = "<group>"; };
		482D733A21B8043A00A83F0A /* CategoryPerson+TestTwo.m */ = {isa = PBXFileReference; lastKnownFileType = sourcecode.c.objc; path = "CategoryPerson+TestTwo.m"; sourceTree = "<group>"; };
		482D733C21B8070100A83F0A /* CategoryPerson+Test.cpp */ = {isa = PBXFileReference; lastKnownFileType = sourcecode.cpp.cpp; path = "CategoryPerson+Test.cpp"; sourceTree = "<group>"; };
		48CDA6FA21B2C18300B32374 /* iOS底层原理总结.app */ = {isa = PBXFileReference; explicitFileType = wrapper.application; includeInIndex = 0; path = "iOS底层原理总结.app"; sourceTree = BUILT_PRODUCTS_DIR; };
		48CDA6FD21B2C18300B32374 /* AppDelegate.h */ = {isa = PBXFileReference; lastKnownFileType = sourcecode.c.h; path = AppDelegate.h; sourceTree = "<group>"; };
		48CDA6FE21B2C18300B32374 /* AppDelegate.m */ = {isa = PBXFileReference; lastKnownFileType = sourcecode.c.objc; path = AppDelegate.m; sourceTree = "<group>"; };
		48CDA70021B2C18300B32374 /* ViewController.h */ = {isa = PBXFileReference; lastKnownFileType = sourcecode.c.h; path = ViewController.h; sourceTree = "<group>"; };
		48CDA70121B2C18300B32374 /* ViewController.m */ = {isa = PBXFileReference; lastKnownFileType = sourcecode.c.objc; path = ViewController.m; sourceTree = "<group>"; };
		48CDA70421B2C18300B32374 /* Base */ = {isa = PBXFileReference; lastKnownFileType = file.storyboard; name = Base; path = Base.lproj/Main.storyboard; sourceTree = "<group>"; };
		48CDA70621B2C18400B32374 /* Assets.xcassets */ = {isa = PBXFileReference; lastKnownFileType = folder.assetcatalog; path = Assets.xcassets; sourceTree = "<group>"; };
		48CDA70921B2C18400B32374 /* Base */ = {isa = PBXFileReference; lastKnownFileType = file.storyboard; name = Base; path = Base.lproj/LaunchScreen.storyboard; sourceTree = "<group>"; };
		48CDA70B21B2C18400B32374 /* Info.plist */ = {isa = PBXFileReference; lastKnownFileType = text.plist.xml; path = Info.plist; sourceTree = "<group>"; };
		48CDA70C21B2C18400B32374 /* main.m */ = {isa = PBXFileReference; lastKnownFileType = sourcecode.c.objc; path = main.m; sourceTree = "<group>"; };
		48CDA71221B2C18400B32374 /* iOS底层原理总结UITests.xctest */ = {isa = PBXFileReference; explicitFileType = wrapper.cfbundle; includeInIndex = 0; path = "iOS底层原理总结UITests.xctest"; sourceTree = BUILT_PRODUCTS_DIR; };
		48CDA71621B2C18400B32374 /* iOS______UITests.m */ = {isa = PBXFileReference; lastKnownFileType = sourcecode.c.objc; path = "iOS______UITests.m"; sourceTree = "<group>"; };
		48CDA71821B2C18400B32374 /* Info.plist */ = {isa = PBXFileReference; lastKnownFileType = text.plist.xml; path = Info.plist; sourceTree = "<group>"; };
		48CDA72121B3647600B32374 /* main.cpp */ = {isa = PBXFileReference; fileEncoding = 4; lastKnownFileType = sourcecode.cpp.cpp; path = main.cpp; sourceTree = "<group>"; };
		48CDA72221B3647600B32374 /* ViewController.cpp */ = {isa = PBXFileReference; fileEncoding = 4; lastKnownFileType = sourcecode.cpp.cpp; path = ViewController.cpp; sourceTree = "<group>"; };
		48CDA72521B3648D00B32374 /* Student.h */ = {isa = PBXFileReference; lastKnownFileType = sourcecode.c.h; path = Student.h; sourceTree = "<group>"; };
		48CDA72621B3648D00B32374 /* Student.m */ = {isa = PBXFileReference; lastKnownFileType = sourcecode.c.objc; path = Student.m; sourceTree = "<group>"; };
		48CDA72821B369C700B32374 /* Student.cpp */ = {isa = PBXFileReference; lastKnownFileType = sourcecode.cpp.cpp; path = Student.cpp; sourceTree = "<group>"; };
		48CDA72A21B4190300B32374 /* PersonOne.h */ = {isa = PBXFileReference; lastKnownFileType = sourcecode.c.h; path = PersonOne.h; sourceTree = "<group>"; };
		48CDA72B21B4190300B32374 /* PersonOne.m */ = {isa = PBXFileReference; lastKnownFileType = sourcecode.c.objc; path = PersonOne.m; sourceTree = "<group>"; };
		48CDA72D21B41D6A00B32374 /* StuentOne.h */ = {isa = PBXFileReference; lastKnownFileType = sourcecode.c.h; path = StuentOne.h; sourceTree = "<group>"; };
		48CDA72E21B41D6A00B32374 /* StuentOne.m */ = {isa = PBXFileReference; lastKnownFileType = sourcecode.c.objc; path = StuentOne.m; sourceTree = "<group>"; };
		48CDA7F021B4362000B32374 /* version.bat */ = {isa = PBXFileReference; lastKnownFileType = text; path = version.bat; sourceTree = "<group>"; };
		48CDA7F221B4362000B32374 /* objcrt.vcproj */ = {isa = PBXFileReference; lastKnownFileType = text.xml; path = objcrt.vcproj; sourceTree = "<group>"; };
		48CDA7F321B4362000B32374 /* libobjc.order */ = {isa = PBXFileReference; lastKnownFileType = text; path = libobjc.order; sourceTree = "<group>"; };
		48CDA7F421B4362000B32374 /* APPLE_LICENSE */ = {isa = PBXFileReference; lastKnownFileType = text; path = APPLE_LICENSE; sourceTree = "<group>"; };
		48CDA7F521B4362000B32374 /* prebuild.bat */ = {isa = PBXFileReference; lastKnownFileType = text; path = prebuild.bat; sourceTree = "<group>"; };
		48CDA7F621B4362000B32374 /* objc.suo */ = {isa = PBXFileReference; lastKnownFileType = file; path = objc.suo; sourceTree = "<group>"; };
		48CDA7F721B4362000B32374 /* unexported_symbols */ = {isa = PBXFileReference; lastKnownFileType = text; path = unexported_symbols; sourceTree = "<group>"; };
		48CDA7F821B4362000B32374 /* ReleaseNotes.rtf */ = {isa = PBXFileReference; lastKnownFileType = text.rtf; path = ReleaseNotes.rtf; sourceTree = "<group>"; };
		48CDA7FA21B4362000B32374 /* Protocol.h */ = {isa = PBXFileReference; lastKnownFileType = sourcecode.c.h; path = Protocol.h; sourceTree = "<group>"; };
		48CDA7FB21B4362000B32374 /* objc-file.mm */ = {isa = PBXFileReference; lastKnownFileType = sourcecode.cpp.objcpp; path = "objc-file.mm"; sourceTree = "<group>"; };
		48CDA7FC21B4362000B32374 /* objc-errors.mm */ = {isa = PBXFileReference; lastKnownFileType = sourcecode.cpp.objcpp; path = "objc-errors.mm"; sourceTree = "<group>"; };
		48CDA7FD21B4362000B32374 /* objc-config.h */ = {isa = PBXFileReference; lastKnownFileType = sourcecode.c.h; path = "objc-config.h"; sourceTree = "<group>"; };
		48CDA7FE21B4362000B32374 /* objc-private.h */ = {isa = PBXFileReference; lastKnownFileType = sourcecode.c.h; path = "objc-private.h"; sourceTree = "<group>"; };
		48CDA80021B4362000B32374 /* objc-msg-arm.s */ = {isa = PBXFileReference; lastKnownFileType = sourcecode.asm; path = "objc-msg-arm.s"; sourceTree = "<group>"; };
		48CDA80121B4362000B32374 /* objc-msg-simulator-i386.s */ = {isa = PBXFileReference; lastKnownFileType = sourcecode.asm; path = "objc-msg-simulator-i386.s"; sourceTree = "<group>"; };
		48CDA80221B4362000B32374 /* objc-msg-i386.s */ = {isa = PBXFileReference; lastKnownFileType = sourcecode.asm; path = "objc-msg-i386.s"; sourceTree = "<group>"; };
		48CDA80321B4362000B32374 /* objc-msg-x86_64.s */ = {isa = PBXFileReference; lastKnownFileType = sourcecode.asm; path = "objc-msg-x86_64.s"; sourceTree = "<group>"; };
		48CDA80421B4362000B32374 /* objc-msg-simulator-x86_64.s */ = {isa = PBXFileReference; lastKnownFileType = sourcecode.asm; path = "objc-msg-simulator-x86_64.s"; sourceTree = "<group>"; };
		48CDA80521B4362000B32374 /* objc-msg-win32.m */ = {isa = PBXFileReference; lastKnownFileType = sourcecode.c.objc; path = "objc-msg-win32.m"; sourceTree = "<group>"; };
		48CDA80621B4362000B32374 /* objc-msg-arm64.s */ = {isa = PBXFileReference; lastKnownFileType = sourcecode.asm; path = "objc-msg-arm64.s"; sourceTree = "<group>"; };
		48CDA80721B4362000B32374 /* llvm-DenseMapInfo.h */ = {isa = PBXFileReference; lastKnownFileType = sourcecode.c.h; path = "llvm-DenseMapInfo.h"; sourceTree = "<group>"; };
		48CDA80821B4362000B32374 /* objc-class.mm */ = {isa = PBXFileReference; lastKnownFileType = sourcecode.cpp.objcpp; path = "objc-class.mm"; sourceTree = "<group>"; };
		48CDA80921B4362000B32374 /* a1a2-blocktramps-x86_64.s */ = {isa = PBXFileReference; lastKnownFileType = sourcecode.asm; path = "a1a2-blocktramps-x86_64.s"; sourceTree = "<group>"; };
		48CDA80A21B4362000B32374 /* objc-runtime-new.mm */ = {isa = PBXFileReference; lastKnownFileType = sourcecode.cpp.objcpp; path = "objc-runtime-new.mm"; sourceTree = "<group>"; };
		48CDA80B21B4362000B32374 /* objc-file-old.mm */ = {isa = PBXFileReference; lastKnownFileType = sourcecode.cpp.objcpp; path = "objc-file-old.mm"; sourceTree = "<group>"; };
		48CDA80C21B4362000B32374 /* a1a2-blocktramps-i386.s */ = {isa = PBXFileReference; lastKnownFileType = sourcecode.asm; path = "a1a2-blocktramps-i386.s"; sourceTree = "<group>"; };
		48CDA80D21B4362000B32374 /* objc-sel-table.s */ = {isa = PBXFileReference; lastKnownFileType = sourcecode.asm; path = "objc-sel-table.s"; sourceTree = "<group>"; };
		48CDA80E21B4362000B32374 /* objc-locks-new.h */ = {isa = PBXFileReference; lastKnownFileType = sourcecode.c.h; path = "objc-locks-new.h"; sourceTree = "<group>"; };
		48CDA80F21B4362000B32374 /* objc-os.h */ = {isa = PBXFileReference; lastKnownFileType = sourcecode.c.h; path = "objc-os.h"; sourceTree = "<group>"; };
		48CDA81021B4362000B32374 /* objc-exception.h */ = {isa = PBXFileReference; lastKnownFileType = sourcecode.c.h; path = "objc-exception.h"; sourceTree = "<group>"; };
		48CDA81121B4362000B32374 /* NSObjCRuntime.h */ = {isa = PBXFileReference; lastKnownFileType = sourcecode.c.h; path = NSObjCRuntime.h; sourceTree = "<group>"; };
		48CDA81221B4362000B32374 /* objc-cache-old.h */ = {isa = PBXFileReference; lastKnownFileType = sourcecode.c.h; path = "objc-cache-old.h"; sourceTree = "<group>"; };
		48CDA81321B4362000B32374 /* a2a3-blocktramps-i386.s */ = {isa = PBXFileReference; lastKnownFileType = sourcecode.asm; path = "a2a3-blocktramps-i386.s"; sourceTree = "<group>"; };
		48CDA81421B4362000B32374 /* NSObject.mm */ = {isa = PBXFileReference; lastKnownFileType = sourcecode.cpp.objcpp; path = NSObject.mm; sourceTree = "<group>"; };
		48CDA81521B4362000B32374 /* objcrt.h */ = {isa = PBXFileReference; lastKnownFileType = sourcecode.c.h; path = objcrt.h; sourceTree = "<group>"; };
		48CDA81621B4362000B32374 /* objc-references.mm */ = {isa = PBXFileReference; lastKnownFileType = sourcecode.cpp.objcpp; path = "objc-references.mm"; sourceTree = "<group>"; };
		48CDA81721B4362000B32374 /* objc-sel-set.mm */ = {isa = PBXFileReference; lastKnownFileType = sourcecode.cpp.objcpp; path = "objc-sel-set.mm"; sourceTree = "<group>"; };
		48CDA81821B4362000B32374 /* objc-sync.h */ = {isa = PBXFileReference; lastKnownFileType = sourcecode.c.h; path = "objc-sync.h"; sourceTree = "<group>"; };
		48CDA81921B4362000B32374 /* hashtable.h */ = {isa = PBXFileReference; lastKnownFileType = sourcecode.c.h; path = hashtable.h; sourceTree = "<group>"; };
		48CDA81A21B4362000B32374 /* objc-initialize.mm */ = {isa = PBXFileReference; lastKnownFileType = sourcecode.cpp.objcpp; path = "objc-initialize.mm"; sourceTree = "<group>"; };
		48CDA81B21B4362000B32374 /* a2a3-blocktramps-x86_64.s */ = {isa = PBXFileReference; lastKnownFileType = sourcecode.asm; path = "a2a3-blocktramps-x86_64.s"; sourceTree = "<group>"; };
		48CDA81C21B4362000B32374 /* objc-load.mm */ = {isa = PBXFileReference; lastKnownFileType = sourcecode.cpp.objcpp; path = "objc-load.mm"; sourceTree = "<group>"; };
		48CDA81D21B4362000B32374 /* objc-lockdebug.h */ = {isa = PBXFileReference; lastKnownFileType = sourcecode.c.h; path = "objc-lockdebug.h"; sourceTree = "<group>"; };
		48CDA81E21B4362000B32374 /* objc-load.h */ = {isa = PBXFileReference; lastKnownFileType = sourcecode.c.h; path = "objc-load.h"; sourceTree = "<group>"; };
		48CDA82021B4362000B32374 /* ObjectiveC.apinotes */ = {isa = PBXFileReference; lastKnownFileType = text; path = ObjectiveC.apinotes; sourceTree = "<group>"; };
		48CDA82121B4362000B32374 /* module.modulemap */ = {isa = PBXFileReference; lastKnownFileType = "sourcecode.module-map"; path = module.modulemap; sourceTree = "<group>"; };
		48CDA82221B4362000B32374 /* llvm-type_traits.h */ = {isa = PBXFileReference; lastKnownFileType = sourcecode.c.h; path = "llvm-type_traits.h"; sourceTree = "<group>"; };
		48CDA82421B4362000B32374 /* List.m */ = {isa = PBXFileReference; lastKnownFileType = sourcecode.c.objc; path = List.m; sourceTree = "<group>"; };
		48CDA82521B4362000B32374 /* List.h */ = {isa = PBXFileReference; lastKnownFileType = sourcecode.c.h; path = List.h; sourceTree = "<group>"; };
		48CDA82621B4362000B32374 /* objc-block-trampolines.mm */ = {isa = PBXFileReference; lastKnownFileType = sourcecode.cpp.objcpp; path = "objc-block-trampolines.mm"; sourceTree = "<group>"; };
		48CDA82721B4362000B32374 /* objc-loadmethod.mm */ = {isa = PBXFileReference; lastKnownFileType = sourcecode.cpp.objcpp; path = "objc-loadmethod.mm"; sourceTree = "<group>"; };
		48CDA82821B4362000B32374 /* objc-runtime.mm */ = {isa = PBXFileReference; lastKnownFileType = sourcecode.cpp.objcpp; path = "objc-runtime.mm"; sourceTree = "<group>"; };
		48CDA82921B4362000B32374 /* objc-file.h */ = {isa = PBXFileReference; lastKnownFileType = sourcecode.c.h; path = "objc-file.h"; sourceTree = "<group>"; };
		48CDA82A21B4362000B32374 /* objc-probes.d */ = {isa = PBXFileReference; lastKnownFileType = sourcecode.dtrace; path = "objc-probes.d"; sourceTree = "<group>"; };
		48CDA82B21B4362000B32374 /* objc-class-old.mm */ = {isa = PBXFileReference; lastKnownFileType = sourcecode.cpp.objcpp; path = "objc-class-old.mm"; sourceTree = "<group>"; };
		48CDA82C21B4362000B32374 /* message.h */ = {isa = PBXFileReference; lastKnownFileType = sourcecode.c.h; path = message.h; sourceTree = "<group>"; };
		48CDA82D21B4362000B32374 /* objc-cache.h */ = {isa = PBXFileReference; lastKnownFileType = sourcecode.c.h; path = "objc-cache.h"; sourceTree = "<group>"; };
		48CDA82E21B4362000B32374 /* objc-weak.mm */ = {isa = PBXFileReference; lastKnownFileType = sourcecode.cpp.objcpp; path = "objc-weak.mm"; sourceTree = "<group>"; };
		48CDA82F21B4362000B32374 /* objc-env.h */ = {isa = PBXFileReference; lastKnownFileType = sourcecode.c.h; path = "objc-env.h"; sourceTree = "<group>"; };
		48CDA83021B4362000B32374 /* maptable.mm */ = {isa = PBXFileReference; lastKnownFileType = sourcecode.cpp.objcpp; path = maptable.mm; sourceTree = "<group>"; };
		48CDA83121B4362000B32374 /* objc-file-old.h */ = {isa = PBXFileReference; lastKnownFileType = sourcecode.c.h; path = "objc-file-old.h"; sourceTree = "<group>"; };
		48CDA83221B4362000B32374 /* objc.h */ = {isa = PBXFileReference; lastKnownFileType = sourcecode.c.h; path = objc.h; sourceTree = "<group>"; };
		48CDA83321B4362000B32374 /* objc-locks-old.h */ = {isa = PBXFileReference; lastKnownFileType = sourcecode.c.h; path = "objc-locks-old.h"; sourceTree = "<group>"; };
		48CDA83421B4362000B32374 /* objc-auto.mm */ = {isa = PBXFileReference; lastKnownFileType = sourcecode.cpp.objcpp; path = "objc-auto.mm"; sourceTree = "<group>"; };
		48CDA83521B4362000B32374 /* objc-cache-old.mm */ = {isa = PBXFileReference; lastKnownFileType = sourcecode.cpp.objcpp; path = "objc-cache-old.mm"; sourceTree = "<group>"; };
		48CDA83621B4362000B32374 /* objc-sel-set.h */ = {isa = PBXFileReference; lastKnownFileType = sourcecode.c.h; path = "objc-sel-set.h"; sourceTree = "<group>"; };
		48CDA83721B4362000B32374 /* llvm-MathExtras.h */ = {isa = PBXFileReference; lastKnownFileType = sourcecode.c.h; path = "llvm-MathExtras.h"; sourceTree = "<group>"; };
		48CDA83821B4362000B32374 /* objc-sel.mm */ = {isa = PBXFileReference; lastKnownFileType = sourcecode.cpp.objcpp; path = "objc-sel.mm"; sourceTree = "<group>"; };
		48CDA83921B4362000B32374 /* runtime.h */ = {isa = PBXFileReference; lastKnownFileType = sourcecode.c.h; path = runtime.h; sourceTree = "<group>"; };
		48CDA83A21B4362000B32374 /* objc-gdb.h */ = {isa = PBXFileReference; lastKnownFileType = sourcecode.c.h; path = "objc-gdb.h"; sourceTree = "<group>"; };
		48CDA83B21B4362000B32374 /* objc-class.h */ = {isa = PBXFileReference; lastKnownFileType = sourcecode.c.h; path = "objc-class.h"; sourceTree = "<group>"; };
		48CDA83C21B4362000B32374 /* NSObject.h */ = {isa = PBXFileReference; lastKnownFileType = sourcecode.c.h; path = NSObject.h; sourceTree = "<group>"; };
		48CDA83D21B4362000B32374 /* objc-internal.h */ = {isa = PBXFileReference; lastKnownFileType = sourcecode.c.h; path = "objc-internal.h"; sourceTree = "<group>"; };
		48CDA83E21B4362000B32374 /* objc-weak.h */ = {isa = PBXFileReference; lastKnownFileType = sourcecode.c.h; path = "objc-weak.h"; sourceTree = "<group>"; };
		48CDA83F21B4362000B32374 /* Object.mm */ = {isa = PBXFileReference; lastKnownFileType = sourcecode.cpp.objcpp; path = Object.mm; sourceTree = "<group>"; };
		48CDA84021B4362000B32374 /* objc-sync.mm */ = {isa = PBXFileReference; lastKnownFileType = sourcecode.cpp.objcpp; path = "objc-sync.mm"; sourceTree = "<group>"; };
		48CDA84121B4362000B32374 /* maptable.h */ = {isa = PBXFileReference; lastKnownFileType = sourcecode.c.h; path = maptable.h; sourceTree = "<group>"; };
		48CDA84221B4362000B32374 /* objc-runtime-old.h */ = {isa = PBXFileReference; lastKnownFileType = sourcecode.c.h; path = "objc-runtime-old.h"; sourceTree = "<group>"; };
		48CDA84321B4362000B32374 /* objc-exception.mm */ = {isa = PBXFileReference; lastKnownFileType = sourcecode.cpp.objcpp; path = "objc-exception.mm"; sourceTree = "<group>"; };
		48CDA84421B4362000B32374 /* objc-object.h */ = {isa = PBXFileReference; lastKnownFileType = sourcecode.c.h; path = "objc-object.h"; sourceTree = "<group>"; };
		48CDA84521B4362000B32374 /* objc-layout.mm */ = {isa = PBXFileReference; lastKnownFileType = sourcecode.cpp.objcpp; path = "objc-layout.mm"; sourceTree = "<group>"; };
		48CDA84621B4362000B32374 /* objc-initialize.h */ = {isa = PBXFileReference; lastKnownFileType = sourcecode.c.h; path = "objc-initialize.h"; sourceTree = "<group>"; };
		48CDA84721B4362000B32374 /* objc-runtime-old.mm */ = {isa = PBXFileReference; lastKnownFileType = sourcecode.cpp.objcpp; path = "objc-runtime-old.mm"; sourceTree = "<group>"; };
		48CDA84821B4362000B32374 /* objc-abi.h */ = {isa = PBXFileReference; lastKnownFileType = sourcecode.c.h; path = "objc-abi.h"; sourceTree = "<group>"; };
		48CDA84921B4362000B32374 /* a1a2-blocktramps-arm64.s */ = {isa = PBXFileReference; lastKnownFileType = sourcecode.asm; path = "a1a2-blocktramps-arm64.s"; sourceTree = "<group>"; };
		48CDA84A21B4362000B32374 /* objc-os.mm */ = {isa = PBXFileReference; lastKnownFileType = sourcecode.cpp.objcpp; path = "objc-os.mm"; sourceTree = "<group>"; };
		48CDA84B21B4362000B32374 /* objc-accessors.mm */ = {isa = PBXFileReference; lastKnownFileType = sourcecode.cpp.objcpp; path = "objc-accessors.mm"; sourceTree = "<group>"; };
		48CDA84C21B4362000B32374 /* objcrt.c */ = {isa = PBXFileReference; lastKnownFileType = sourcecode.c.c; path = objcrt.c; sourceTree = "<group>"; };
		48CDA84D21B4362000B32374 /* objc-loadmethod.h */ = {isa = PBXFileReference; lastKnownFileType = sourcecode.c.h; path = "objc-loadmethod.h"; sourceTree = "<group>"; };
		48CDA84E21B4362000B32374 /* Object.h */ = {isa = PBXFileReference; lastKnownFileType = sourcecode.c.h; path = Object.h; sourceTree = "<group>"; };
		48CDA84F21B4362000B32374 /* hashtable2.mm */ = {isa = PBXFileReference; lastKnownFileType = sourcecode.cpp.objcpp; path = hashtable2.mm; sourceTree = "<group>"; };
		48CDA85021B4362000B32374 /* a2a3-blocktramps-arm.s */ = {isa = PBXFileReference; lastKnownFileType = sourcecode.asm; path = "a2a3-blocktramps-arm.s"; sourceTree = "<group>"; };
		48CDA85121B4362000B32374 /* objc-references.h */ = {isa = PBXFileReference; lastKnownFileType = sourcecode.c.h; path = "objc-references.h"; sourceTree = "<group>"; };
		48CDA85221B4362000B32374 /* objc-sel-old.mm */ = {isa = PBXFileReference; lastKnownFileType = sourcecode.cpp.objcpp; path = "objc-sel-old.mm"; sourceTree = "<group>"; };
		48CDA85321B4362000B32374 /* objc-typeencoding.mm */ = {isa = PBXFileReference; lastKnownFileType = sourcecode.cpp.objcpp; path = "objc-typeencoding.mm"; sourceTree = "<group>"; };
		48CDA85421B4362000B32374 /* objc-opt.mm */ = {isa = PBXFileReference; lastKnownFileType = sourcecode.cpp.objcpp; path = "objc-opt.mm"; sourceTree = "<group>"; };
		48CDA85521B4362000B32374 /* objc-runtime-new.h */ = {isa = PBXFileReference; lastKnownFileType = sourcecode.c.h; path = "objc-runtime-new.h"; sourceTree = "<group>"; };
		48CDA85621B4362000B32374 /* objc-locks.h */ = {isa = PBXFileReference; lastKnownFileType = sourcecode.c.h; path = "objc-locks.h"; sourceTree = "<group>"; };
		48CDA85721B4362000B32374 /* objc-auto.h */ = {isa = PBXFileReference; lastKnownFileType = sourcecode.c.h; path = "objc-auto.h"; sourceTree = "<group>"; };
		48CDA85821B4362000B32374 /* objc-lockdebug.mm */ = {isa = PBXFileReference; lastKnownFileType = sourcecode.cpp.objcpp; path = "objc-lockdebug.mm"; sourceTree = "<group>"; };
		48CDA85921B4362000B32374 /* llvm-DenseMap.h */ = {isa = PBXFileReference; lastKnownFileType = sourcecode.c.h; path = "llvm-DenseMap.h"; sourceTree = "<group>"; };
		48CDA85A21B4362000B32374 /* objc-cache.mm */ = {isa = PBXFileReference; lastKnownFileType = sourcecode.cpp.objcpp; path = "objc-cache.mm"; sourceTree = "<group>"; };
		48CDA85B21B4362000B32374 /* a1a2-blocktramps-arm.s */ = {isa = PBXFileReference; lastKnownFileType = sourcecode.asm; path = "a1a2-blocktramps-arm.s"; sourceTree = "<group>"; };
		48CDA85C21B4362000B32374 /* llvm-AlignOf.h */ = {isa = PBXFileReference; lastKnownFileType = sourcecode.c.h; path = "llvm-AlignOf.h"; sourceTree = "<group>"; };
		48CDA85D21B4362000B32374 /* objc-api.h */ = {isa = PBXFileReference; lastKnownFileType = sourcecode.c.h; path = "objc-api.h"; sourceTree = "<group>"; };
		48CDA85E21B4362000B32374 /* hashtable2.h */ = {isa = PBXFileReference; lastKnownFileType = sourcecode.c.h; path = hashtable2.h; sourceTree = "<group>"; };
		48CDA85F21B4362000B32374 /* Protocol.mm */ = {isa = PBXFileReference; lastKnownFileType = sourcecode.cpp.objcpp; path = Protocol.mm; sourceTree = "<group>"; };
		48CDA86021B4362000B32374 /* objc-runtime.h */ = {isa = PBXFileReference; lastKnownFileType = sourcecode.c.h; path = "objc-runtime.h"; sourceTree = "<group>"; };
		48CDA86121B4362000B32374 /* objc.xcodeproj */ = {isa = PBXFileReference; lastKnownFileType = "wrapper.pb-project"; path = objc.xcodeproj; sourceTree = "<group>"; };
		48CDA86421B4362000B32374 /* interposable.txt */ = {isa = PBXFileReference; lastKnownFileType = text; path = interposable.txt; sourceTree = "<group>"; };
		48CDA86521B4362000B32374 /* markgc.cpp */ = {isa = PBXFileReference; lastKnownFileType = sourcecode.cpp.cpp; path = markgc.cpp; sourceTree = "<group>"; };
		48CDA86621B4362000B32374 /* version.rc */ = {isa = PBXFileReference; lastKnownFileType = text; path = version.rc; sourceTree = "<group>"; };
		48CDA86721B4362000B32374 /* objc.sln */ = {isa = PBXFileReference; lastKnownFileType = text; path = objc.sln; sourceTree = "<group>"; };
		48CDA86821B4362000B32374 /* objc.vcproj */ = {isa = PBXFileReference; lastKnownFileType = text.xml; path = objc.vcproj; sourceTree = "<group>"; };
/* End PBXFileReference section */

/* Begin PBXFrameworksBuildPhase section */
		48CDA6F721B2C18300B32374 /* Frameworks */ = {
			isa = PBXFrameworksBuildPhase;
			buildActionMask = 2147483647;
			files = (
			);
			runOnlyForDeploymentPostprocessing = 0;
		};
		48CDA70F21B2C18400B32374 /* Frameworks */ = {
			isa = PBXFrameworksBuildPhase;
			buildActionMask = 2147483647;
			files = (
			);
			runOnlyForDeploymentPostprocessing = 0;
		};
/* End PBXFrameworksBuildPhase section */

/* Begin PBXGroup section */
		481E5A7C21B615E8004BFEA8 /* KVO-Investegate */ = {
			isa = PBXGroup;
			children = (
				481E5A8021B61623004BFEA8 /* KVOPerson.h */,
				481E5A8121B61623004BFEA8 /* KVOPerson.m */,
			);
			path = "KVO-Investegate";
			sourceTree = "<group>";
		};
		481E5A8421B61BEA004BFEA8 /* MarkDown */ = {
			isa = PBXGroup;
			children = (
				481E5A8521B61BEA004BFEA8 /* OC-KVO.md */,
				481E5A8621B61BEA004BFEA8 /* OC-Instance.md */,
				481E5A8721B61BEA004BFEA8 /* OC-Class.md */,
				481E5B3D21B79858004BFEA8 /* category.md */,
				481E5B3E21B79858004BFEA8 /* runloop.md */,
			);
			path = MarkDown;
			sourceTree = SOURCE_ROOT;
		};
		481E5A8B21B66E04004BFEA8 /* RunLoop-Investegate */ = {
			isa = PBXGroup;
			children = (
				481E5B3721B6CB53004BFEA8 /* RunLoopView.h */,
				481E5B3821B6CB53004BFEA8 /* RunLoopView.m */,
				481E5B3A21B6D1F5004BFEA8 /* RunLoopChildViewController.h */,
				481E5B3B21B6D1F5004BFEA8 /* RunLoopChildViewController.m */,
			);
			path = "RunLoop-Investegate";
			sourceTree = "<group>";
		};
		481E5A9121B6B76F004BFEA8 /* CFRunLoopRef-855.17 */ = {
			isa = PBXGroup;
			children = (
				481E5A9221B6B76F004BFEA8 /* CFUUID.h */,
				481E5A9321B6B76F004BFEA8 /* CFUniCharPriv.h */,
				481E5A9421B6B76F004BFEA8 /* CFBundle.h */,
				481E5A9521B6B76F004BFEA8 /* CFBigNumber.h */,
				481E5A9621B6B76F004BFEA8 /* CFXMLInputStream.h */,
				481E5A9721B6B76F004BFEA8 /* CFNumber.c */,
				481E5A9821B6B76F004BFEA8 /* CFError.c */,
				481E5A9921B6B76F004BFEA8 /* CFBundle_Internal.h */,
				481E5A9A21B6B76F004BFEA8 /* CFURL.inc.h */,
				481E5A9B21B6B76F004BFEA8 /* CFPropertyList.c */,
				481E5A9C21B6B76F004BFEA8 /* CFBag.h */,
				481E5A9D21B6B76F004BFEA8 /* CFStringEncodingConverterPriv.h */,
				481E5A9E21B6B76F004BFEA8 /* CFRuntime.h */,
				481E5A9F21B6B76F004BFEA8 /* CFPreferences.h */,
				481E5AA021B6B76F004BFEA8 /* CFConcreteStreams.c */,
				481E5AA121B6B76F004BFEA8 /* CoreFoundation_Prefix.h */,
				481E5AA221B6B76F004BFEA8 /* CFAvailability.h */,
				481E5AA321B6B76F004BFEA8 /* SymbolAliases */,
				481E5AA421B6B76F004BFEA8 /* CFUserNotification.h */,
				481E5AA521B6B76F004BFEA8 /* CFTimeZone.c */,
				481E5AA621B6B76F004BFEA8 /* CFVersion.c */,
				481E5AA721B6B76F004BFEA8 /* ForFoundationOnly.h */,
				481E5AA821B6B76F004BFEA8 /* CFBinaryPList.c */,
				481E5AA921B6B76F004BFEA8 /* CFXMLNode.h */,
				481E5AAA21B6B76F004BFEA8 /* CFBundle_Resources.c */,
				481E5AAB21B6B76F004BFEA8 /* CFStreamAbstract.h */,
				481E5AAC21B6B76F004BFEA8 /* CFString.c */,
				481E5AAD21B6B76F004BFEA8 /* CFBasicHash.c */,
				481E5AAE21B6B76F004BFEA8 /* CFArray.h */,
				481E5AAF21B6B76F004BFEA8 /* CFBundle_InfoPlist.c */,
				481E5AB021B6B76F004BFEA8 /* CFXMLParser.c */,
				481E5AB121B6B76F004BFEA8 /* CFBitVector.c */,
				481E5AB221B6B76F004BFEA8 /* CFStream.h */,
				481E5AB321B6B76F004BFEA8 /* CFRunLoop.c */,
				481E5AB421B6B76F004BFEA8 /* CoreFoundation.h */,
				481E5AB521B6B76F004BFEA8 /* CFBundle_BinaryTypes.h */,
				481E5AB621B6B76F004BFEA8 /* CFSocket.c */,
				481E5AB721B6B76F004BFEA8 /* CFDictionary.h */,
				481E5AB821B6B76F004BFEA8 /* APPLE_LICENSE */,
				481E5AB921B6B76F004BFEA8 /* CFURL.c */,
				481E5ABA21B6B76F004BFEA8 /* CFApplicationPreferences.c */,
				481E5ABB21B6B76F004BFEA8 /* CFCharacterSet.h */,
				481E5ABC21B6B76F004BFEA8 /* CFBasicHashFindBucket.m */,
				481E5ABD21B6B76F004BFEA8 /* CFStorage.h */,
				481E5ABE21B6B76F004BFEA8 /* CFStringEncodingDatabase.c */,
				481E5ABF21B6B76F004BFEA8 /* CFSystemDirectories.c */,
				481E5AC021B6B76F004BFEA8 /* CFUnicodeData-B.mapping */,
				481E5AC121B6B76F004BFEA8 /* CFCalendar.c */,
				481E5AC221B6B76F004BFEA8 /* CFOldStylePList.c */,
				481E5AC321B6B76F004BFEA8 /* Makefile */,
				481E5AC421B6B76F004BFEA8 /* CFDateFormatter.h */,
				481E5AC521B6B76F004BFEA8 /* CFPlugIn_Factory.h */,
				481E5AC621B6B76F004BFEA8 /* CFICUConverters.c */,
				481E5AC721B6B76F004BFEA8 /* CFSet.c */,
				481E5AC821B6B76F004BFEA8 /* CFBase.c */,
				481E5AC921B6B76F004BFEA8 /* CFTree.h */,
				481E5ACA21B6B76F004BFEA8 /* CFSortFunctions.c */,
				481E5ACB21B6B76F004BFEA8 /* CFBinaryHeap.c */,
				481E5ACC21B6B76F004BFEA8 /* CFMessagePort.h */,
				481E5ACD21B6B76F004BFEA8 /* CFUtilities.c */,
				481E5ACE21B6B76F004BFEA8 /* MakefileVersion */,
				481E5ACF21B6B76F004BFEA8 /* CFUnicodePrecomposition.h */,
				481E5AD021B6B76F004BFEA8 /* CFMachPort.h */,
				481E5AD121B6B76F004BFEA8 /* CFICULogging.h */,
				481E5AD221B6B76F004BFEA8 /* CFPlugInCOM.h */,
				481E5AD321B6B76F004BFEA8 /* CFPlugIn.h */,
				481E5AD421B6B76F004BFEA8 /* CFFileUtilities.c */,
				481E5AD521B6B76F004BFEA8 /* CFLocaleKeys.c */,
				481E5AD621B6B76F004BFEA8 /* CFUnicodeDecomposition.h */,
				481E5AD721B6B76F004BFEA8 /* CFDate.h */,
				481E5AD821B6B76F004BFEA8 /* CFBurstTrie.h */,
				481E5AD921B6B76F004BFEA8 /* CFStringEncodingConverter.h */,
				481E5ADA21B6B76F004BFEA8 /* CFStreamInternal.h */,
				481E5ADB21B6B76F004BFEA8 /* CFStringEncodingConverterExt.h */,
				481E5ADC21B6B76F004BFEA8 /* CFLocale.h */,
				481E5ADD21B6B76F004BFEA8 /* CFData.h */,
				481E5ADE21B6B76F004BFEA8 /* CFUniChar.c */,
				481E5ADF21B6B76F004BFEA8 /* CFNumberFormatter.h */,
				481E5AE021B6B76F004BFEA8 /* CFURLAccess.h */,
				481E5AE121B6B76F004BFEA8 /* CFLocaleInternal.h */,
				481E5AE221B6B76F004BFEA8 /* CFStreamPriv.h */,
				481E5AE321B6B76F004BFEA8 /* CFLogUtilities.h */,
				481E5AE421B6B76F004BFEA8 /* CFRuntime.c */,
				481E5AE521B6B76F004BFEA8 /* CFPreferences.c */,
				481E5AE621B6B76F004BFEA8 /* CFUserNotification.c */,
				481E5AE721B6B76F004BFEA8 /* CFTimeZone.h */,
				481E5AE821B6B76F004BFEA8 /* TargetConditionals.h */,
				481E5AE921B6B76F004BFEA8 /* CFXMLPreferencesDomain.c */,
				481E5AEA21B6B76F004BFEA8 /* CFError.h */,
				481E5AEB21B6B76F004BFEA8 /* CFNumber.h */,
				481E5AEC21B6B76F004BFEA8 /* CFBundlePriv.h */,
				481E5AED21B6B76F004BFEA8 /* README_CFLITE */,
				481E5AEE21B6B76F004BFEA8 /* CFCharacterSetBitmaps.bitmap */,
				481E5AEF21B6B76F004BFEA8 /* CFXMLInputStream.c */,
				481E5AF021B6B76F004BFEA8 /* CFBag.c */,
				481E5AF121B6B76F004BFEA8 /* CFPropertyList.h */,
				481E5AF221B6B76F004BFEA8 /* CFBundle.c */,
				481E5AF321B6B76F004BFEA8 /* CFSocketStream.c */,
				481E5AF421B6B76F004BFEA8 /* CFBigNumber.c */,
				481E5AF521B6B76F004BFEA8 /* CFUUID.c */,
				481E5AF621B6B76F004BFEA8 /* PropertyList.dtd */,
				481E5AF721B6B76F004BFEA8 /* CFPlugIn_Instance.c */,
				481E5AF821B6B76F004BFEA8 /* CFPriv.h */,
				481E5AF921B6B76F004BFEA8 /* CFByteOrder.h */,
				481E5AFA21B6B76F004BFEA8 /* CFBuiltinConverters.c */,
				481E5AFB21B6B76F004BFEA8 /* CFStorage.c */,
				481E5AFC21B6B76F004BFEA8 /* Examples */,
				481E5AFE21B6B76F004BFEA8 /* CFCharacterSet.c */,
				481E5AFF21B6B76F004BFEA8 /* CFDictionary.c */,
				481E5B0021B6B76F004BFEA8 /* CFSocket.h */,
				481E5B0121B6B76F004BFEA8 /* CFURL.h */,
				481E5B0221B6B76F004BFEA8 /* CFInternal.h */,
				481E5B0321B6B76F004BFEA8 /* CFBitVector.h */,
				481E5B0421B6B76F004BFEA8 /* CFXMLParser.h */,
				481E5B0521B6B76F004BFEA8 /* CFXMLTree.c */,
				481E5B0621B6B76F004BFEA8 /* CFRunLoop.h */,
				481E5B0721B6B76F004BFEA8 /* CFStream.c */,
				481E5B0821B6B76F004BFEA8 /* CFLocaleIdentifier.c */,
				481E5B0921B6B76F004BFEA8 /* CFXMLNode.c */,
				481E5B0A21B6B76F004BFEA8 /* CFArray.c */,
				481E5B0B21B6B76F004BFEA8 /* CFBasicHash.h */,
				481E5B0C21B6B76F004BFEA8 /* CFString.h */,
				481E5B0D21B6B76F004BFEA8 /* CFPlatform.c */,
				481E5B0E21B6B76F004BFEA8 /* CFStringScanner.c */,
				481E5B0F21B6B76F004BFEA8 /* CFMachPort.c */,
				481E5B1021B6B76F004BFEA8 /* CFUnicodePrecomposition.c */,
				481E5B1121B6B76F004BFEA8 /* CFBinaryHeap.h */,
				481E5B1221B6B76F004BFEA8 /* CFMessagePort.c */,
				481E5B1321B6B76F004BFEA8 /* CFTree.c */,
				481E5B1421B6B76F004BFEA8 /* CFBase.h */,
				481E5B1521B6B76F004BFEA8 /* CFURLPriv.h */,
				481E5B1621B6B76F004BFEA8 /* CFSet.h */,
				481E5B1721B6B76F004BFEA8 /* CFUnicodeData-L.mapping */,
				481E5B1821B6B76F004BFEA8 /* CFPlatformConverters.c */,
				481E5B1921B6B76F004BFEA8 /* CFUtilities.h */,
				481E5B1A21B6B76F004BFEA8 /* CFPlugIn_Factory.c */,
				481E5B1B21B6B76F004BFEA8 /* CFDateFormatter.c */,
				481E5B1C21B6B76F004BFEA8 /* CFICUConverters.h */,
				481E5B1D21B6B76F004BFEA8 /* CFUniCharPropertyDatabase.data */,
				481E5B1E21B6B76F004BFEA8 /* MakefileLinux */,
				481E5B1F21B6B76F004BFEA8 /* CFStringUtilities.c */,
				481E5B2021B6B76F004BFEA8 /* CFStringEncodingDatabase.h */,
				481E5B2121B6B76F004BFEA8 /* CFStringDefaultEncoding.h */,
				481E5B2221B6B76F004BFEA8 /* CFCalendar.h */,
				481E5B2321B6B76F004BFEA8 /* CFError_Private.h */,
				481E5B2421B6B76F004BFEA8 /* CFWindowsUtilities.c */,
				481E5B2521B6B76F004BFEA8 /* plconvert.c */,
				481E5B2621B6B76F004BFEA8 /* CFURLAccess.c */,
				481E5B2721B6B76F004BFEA8 /* CFNumberFormatter.c */,
				481E5B2821B6B76F004BFEA8 /* CFStringEncodings.c */,
				481E5B2921B6B76F004BFEA8 /* CFLocale.c */,
				481E5B2A21B6B76F004BFEA8 /* CFStringEncodingExt.h */,
				481E5B2B21B6B76F004BFEA8 /* CFUniChar.h */,
				481E5B2C21B6B76F004BFEA8 /* CFCharacterSetPriv.h */,
				481E5B2D21B6B76F004BFEA8 /* Info.plist */,
				481E5B2E21B6B76F004BFEA8 /* CFData.c */,
				481E5B2F21B6B76F004BFEA8 /* CFStringEncodingConverter.c */,
				481E5B3021B6B76F004BFEA8 /* CFBurstTrie.c */,
				481E5B3121B6B76F004BFEA8 /* CFDate.c */,
				481E5B3221B6B76F004BFEA8 /* CFUnicodeDecomposition.c */,
				481E5B3321B6B76F004BFEA8 /* CFPlugIn_PlugIn.c */,
				481E5B3421B6B76F004BFEA8 /* CFPlugIn.c */,
			);
			path = "CFRunLoopRef-855.17";
			sourceTree = SOURCE_ROOT;
		};
		481E5AFC21B6B76F004BFEA8 /* Examples */ = {
			isa = PBXGroup;
			children = (
				481E5AFD21B6B76F004BFEA8 /* plconvert.c */,
			);
			path = Examples;
			sourceTree = "<group>";
		};
		482D733021B803EC00A83F0A /* Category */ = {
			isa = PBXGroup;
			children = (
				482D733321B8040600A83F0A /* CategoryPerson.h */,
				482D733421B8040600A83F0A /* CategoryPerson.m */,
				482D733621B8042C00A83F0A /* CategoryPerson+Test.h */,
				482D733721B8042C00A83F0A /* CategoryPerson+Test.m */,
				482D733C21B8070100A83F0A /* CategoryPerson+Test.cpp */,
				482D733921B8043A00A83F0A /* CategoryPerson+TestTwo.h */,
				482D733A21B8043A00A83F0A /* CategoryPerson+TestTwo.m */,
			);
			path = Category;
			sourceTree = "<group>";
		};
		48CDA6F121B2C18300B32374 = {
			isa = PBXGroup;
			children = (
				48CDA6FC21B2C18300B32374 /* iOS底层原理总结 */,
				48CDA71521B2C18400B32374 /* iOS底层原理总结UITests */,
				48CDA6FB21B2C18300B32374 /* Products */,
			);
			sourceTree = "<group>";
		};
		48CDA6FB21B2C18300B32374 /* Products */ = {
			isa = PBXGroup;
			children = (
				48CDA6FA21B2C18300B32374 /* iOS底层原理总结.app */,
				48CDA71221B2C18400B32374 /* iOS底层原理总结UITests.xctest */,
			);
			name = Products;
			sourceTree = "<group>";
		};
		48CDA6FC21B2C18300B32374 /* iOS底层原理总结 */ = {
			isa = PBXGroup;
			children = (
				482D733021B803EC00A83F0A /* Category */,
				481E5A9121B6B76F004BFEA8 /* CFRunLoopRef-855.17 */,
				481E5A8421B61BEA004BFEA8 /* MarkDown */,
				48CDA7EF21B4362000B32374 /* objc-RunTime4-723 */,
				481E5A8B21B66E04004BFEA8 /* RunLoop-Investegate */,
				481E5A7C21B615E8004BFEA8 /* KVO-Investegate */,
				48CDA72921B418E900B32374 /* Instance-Investegate */,
				48CDA6FD21B2C18300B32374 /* AppDelegate.h */,
				48CDA6FE21B2C18300B32374 /* AppDelegate.m */,
				48CDA70021B2C18300B32374 /* ViewController.h */,
				48CDA70121B2C18300B32374 /* ViewController.m */,
				48CDA70321B2C18300B32374 /* Main.storyboard */,
				48CDA70621B2C18400B32374 /* Assets.xcassets */,
				48CDA70821B2C18400B32374 /* LaunchScreen.storyboard */,
				48CDA70B21B2C18400B32374 /* Info.plist */,
				48CDA70C21B2C18400B32374 /* main.m */,
			);
			path = "iOS底层原理总结";
			sourceTree = "<group>";
		};
		48CDA71521B2C18400B32374 /* iOS底层原理总结UITests */ = {
			isa = PBXGroup;
			children = (
				48CDA71621B2C18400B32374 /* iOS______UITests.m */,
				48CDA71821B2C18400B32374 /* Info.plist */,
			);
			path = "iOS底层原理总结UITests";
			sourceTree = "<group>";
		};
		48CDA72921B418E900B32374 /* Instance-Investegate */ = {
			isa = PBXGroup;
			children = (
				48CDA72521B3648D00B32374 /* Student.h */,
				48CDA72621B3648D00B32374 /* Student.m */,
				48CDA72121B3647600B32374 /* main.cpp */,
				48CDA72221B3647600B32374 /* ViewController.cpp */,
				48CDA72821B369C700B32374 /* Student.cpp */,
				48CDA72A21B4190300B32374 /* PersonOne.h */,
				48CDA72B21B4190300B32374 /* PersonOne.m */,
				48CDA72D21B41D6A00B32374 /* StuentOne.h */,
				48CDA72E21B41D6A00B32374 /* StuentOne.m */,
			);
			path = "Instance-Investegate";
			sourceTree = "<group>";
		};
		48CDA7EF21B4362000B32374 /* objc-RunTime4-723 */ = {
			isa = PBXGroup;
			children = (
				48CDA7F021B4362000B32374 /* version.bat */,
				48CDA7F121B4362000B32374 /* objcrt */,
				48CDA7F321B4362000B32374 /* libobjc.order */,
				48CDA7F421B4362000B32374 /* APPLE_LICENSE */,
				48CDA7F521B4362000B32374 /* prebuild.bat */,
				48CDA7F621B4362000B32374 /* objc.suo */,
				48CDA7F721B4362000B32374 /* unexported_symbols */,
				48CDA7F821B4362000B32374 /* ReleaseNotes.rtf */,
				48CDA7F921B4362000B32374 /* runtime */,
				48CDA86121B4362000B32374 /* objc.xcodeproj */,
				48CDA86421B4362000B32374 /* interposable.txt */,
				48CDA86521B4362000B32374 /* markgc.cpp */,
				48CDA86621B4362000B32374 /* version.rc */,
				48CDA86721B4362000B32374 /* objc.sln */,
				48CDA86821B4362000B32374 /* objc.vcproj */,
			);
			path = "objc-RunTime4-723";
			sourceTree = SOURCE_ROOT;
		};
		48CDA7F121B4362000B32374 /* objcrt */ = {
			isa = PBXGroup;
			children = (
				48CDA7F221B4362000B32374 /* objcrt.vcproj */,
			);
			path = objcrt;
			sourceTree = "<group>";
		};
		48CDA7F921B4362000B32374 /* runtime */ = {
			isa = PBXGroup;
			children = (
				48CDA7FA21B4362000B32374 /* Protocol.h */,
				48CDA7FB21B4362000B32374 /* objc-file.mm */,
				48CDA7FC21B4362000B32374 /* objc-errors.mm */,
				48CDA7FD21B4362000B32374 /* objc-config.h */,
				48CDA7FE21B4362000B32374 /* objc-private.h */,
				48CDA7FF21B4362000B32374 /* Messengers.subproj */,
				48CDA80721B4362000B32374 /* llvm-DenseMapInfo.h */,
				48CDA80821B4362000B32374 /* objc-class.mm */,
				48CDA80921B4362000B32374 /* a1a2-blocktramps-x86_64.s */,
				48CDA80A21B4362000B32374 /* objc-runtime-new.mm */,
				48CDA80B21B4362000B32374 /* objc-file-old.mm */,
				48CDA80C21B4362000B32374 /* a1a2-blocktramps-i386.s */,
				48CDA80D21B4362000B32374 /* objc-sel-table.s */,
				48CDA80E21B4362000B32374 /* objc-locks-new.h */,
				48CDA80F21B4362000B32374 /* objc-os.h */,
				48CDA81021B4362000B32374 /* objc-exception.h */,
				48CDA81121B4362000B32374 /* NSObjCRuntime.h */,
				48CDA81221B4362000B32374 /* objc-cache-old.h */,
				48CDA81321B4362000B32374 /* a2a3-blocktramps-i386.s */,
				48CDA81421B4362000B32374 /* NSObject.mm */,
				48CDA81521B4362000B32374 /* objcrt.h */,
				48CDA81621B4362000B32374 /* objc-references.mm */,
				48CDA81721B4362000B32374 /* objc-sel-set.mm */,
				48CDA81821B4362000B32374 /* objc-sync.h */,
				48CDA81921B4362000B32374 /* hashtable.h */,
				48CDA81A21B4362000B32374 /* objc-initialize.mm */,
				48CDA81B21B4362000B32374 /* a2a3-blocktramps-x86_64.s */,
				48CDA81C21B4362000B32374 /* objc-load.mm */,
				48CDA81D21B4362000B32374 /* objc-lockdebug.h */,
				48CDA81E21B4362000B32374 /* objc-load.h */,
				48CDA81F21B4362000B32374 /* Module */,
				48CDA82221B4362000B32374 /* llvm-type_traits.h */,
				48CDA82321B4362000B32374 /* OldClasses.subproj */,
				48CDA82621B4362000B32374 /* objc-block-trampolines.mm */,
				48CDA82721B4362000B32374 /* objc-loadmethod.mm */,
				48CDA82821B4362000B32374 /* objc-runtime.mm */,
				48CDA82921B4362000B32374 /* objc-file.h */,
				48CDA82A21B4362000B32374 /* objc-probes.d */,
				48CDA82B21B4362000B32374 /* objc-class-old.mm */,
				48CDA82C21B4362000B32374 /* message.h */,
				48CDA82D21B4362000B32374 /* objc-cache.h */,
				48CDA82E21B4362000B32374 /* objc-weak.mm */,
				48CDA82F21B4362000B32374 /* objc-env.h */,
				48CDA83021B4362000B32374 /* maptable.mm */,
				48CDA83121B4362000B32374 /* objc-file-old.h */,
				48CDA83221B4362000B32374 /* objc.h */,
				48CDA83321B4362000B32374 /* objc-locks-old.h */,
				48CDA83421B4362000B32374 /* objc-auto.mm */,
				48CDA83521B4362000B32374 /* objc-cache-old.mm */,
				48CDA83621B4362000B32374 /* objc-sel-set.h */,
				48CDA83721B4362000B32374 /* llvm-MathExtras.h */,
				48CDA83821B4362000B32374 /* objc-sel.mm */,
				48CDA83921B4362000B32374 /* runtime.h */,
				48CDA83A21B4362000B32374 /* objc-gdb.h */,
				48CDA83B21B4362000B32374 /* objc-class.h */,
				48CDA83C21B4362000B32374 /* NSObject.h */,
				48CDA83D21B4362000B32374 /* objc-internal.h */,
				48CDA83E21B4362000B32374 /* objc-weak.h */,
				48CDA83F21B4362000B32374 /* Object.mm */,
				48CDA84021B4362000B32374 /* objc-sync.mm */,
				48CDA84121B4362000B32374 /* maptable.h */,
				48CDA84221B4362000B32374 /* objc-runtime-old.h */,
				48CDA84321B4362000B32374 /* objc-exception.mm */,
				48CDA84421B4362000B32374 /* objc-object.h */,
				48CDA84521B4362000B32374 /* objc-layout.mm */,
				48CDA84621B4362000B32374 /* objc-initialize.h */,
				48CDA84721B4362000B32374 /* objc-runtime-old.mm */,
				48CDA84821B4362000B32374 /* objc-abi.h */,
				48CDA84921B4362000B32374 /* a1a2-blocktramps-arm64.s */,
				48CDA84A21B4362000B32374 /* objc-os.mm */,
				48CDA84B21B4362000B32374 /* objc-accessors.mm */,
				48CDA84C21B4362000B32374 /* objcrt.c */,
				48CDA84D21B4362000B32374 /* objc-loadmethod.h */,
				48CDA84E21B4362000B32374 /* Object.h */,
				48CDA84F21B4362000B32374 /* hashtable2.mm */,
				48CDA85021B4362000B32374 /* a2a3-blocktramps-arm.s */,
				48CDA85121B4362000B32374 /* objc-references.h */,
				48CDA85221B4362000B32374 /* objc-sel-old.mm */,
				48CDA85321B4362000B32374 /* objc-typeencoding.mm */,
				48CDA85421B4362000B32374 /* objc-opt.mm */,
				48CDA85521B4362000B32374 /* objc-runtime-new.h */,
				48CDA85621B4362000B32374 /* objc-locks.h */,
				48CDA85721B4362000B32374 /* objc-auto.h */,
				48CDA85821B4362000B32374 /* objc-lockdebug.mm */,
				48CDA85921B4362000B32374 /* llvm-DenseMap.h */,
				48CDA85A21B4362000B32374 /* objc-cache.mm */,
				48CDA85B21B4362000B32374 /* a1a2-blocktramps-arm.s */,
				48CDA85C21B4362000B32374 /* llvm-AlignOf.h */,
				48CDA85D21B4362000B32374 /* objc-api.h */,
				48CDA85E21B4362000B32374 /* hashtable2.h */,
				48CDA85F21B4362000B32374 /* Protocol.mm */,
				48CDA86021B4362000B32374 /* objc-runtime.h */,
			);
			path = runtime;
			sourceTree = "<group>";
		};
		48CDA7FF21B4362000B32374 /* Messengers.subproj */ = {
			isa = PBXGroup;
			children = (
				48CDA80021B4362000B32374 /* objc-msg-arm.s */,
				48CDA80121B4362000B32374 /* objc-msg-simulator-i386.s */,
				48CDA80221B4362000B32374 /* objc-msg-i386.s */,
				48CDA80321B4362000B32374 /* objc-msg-x86_64.s */,
				48CDA80421B4362000B32374 /* objc-msg-simulator-x86_64.s */,
				48CDA80521B4362000B32374 /* objc-msg-win32.m */,
				48CDA80621B4362000B32374 /* objc-msg-arm64.s */,
			);
			path = Messengers.subproj;
			sourceTree = "<group>";
		};
		48CDA81F21B4362000B32374 /* Module */ = {
			isa = PBXGroup;
			children = (
				48CDA82021B4362000B32374 /* ObjectiveC.apinotes */,
				48CDA82121B4362000B32374 /* module.modulemap */,
			);
			path = Module;
			sourceTree = "<group>";
		};
		48CDA82321B4362000B32374 /* OldClasses.subproj */ = {
			isa = PBXGroup;
			children = (
				48CDA82421B4362000B32374 /* List.m */,
				48CDA82521B4362000B32374 /* List.h */,
			);
			path = OldClasses.subproj;
			sourceTree = "<group>";
		};
		48CDA86221B4362000B32374 /* Products */ = {
			isa = PBXGroup;
			children = (
				48CDA86C21B4362000B32374 /* libobjc.A.dylib */,
			);
			name = Products;
			sourceTree = "<group>";
		};
/* End PBXGroup section */

/* Begin PBXNativeTarget section */
		48CDA6F921B2C18300B32374 /* iOS底层原理总结 */ = {
			isa = PBXNativeTarget;
			buildConfigurationList = 48CDA71B21B2C18500B32374 /* Build configuration list for PBXNativeTarget "iOS底层原理总结" */;
			buildPhases = (
				48CDA6F621B2C18300B32374 /* Sources */,
				48CDA6F721B2C18300B32374 /* Frameworks */,
				48CDA6F821B2C18300B32374 /* Resources */,
			);
			buildRules = (
			);
			dependencies = (
			);
			name = "iOS底层原理总结";
			productName = "iOS底层原理总结";
			productReference = 48CDA6FA21B2C18300B32374 /* iOS底层原理总结.app */;
			productType = "com.apple.product-type.application";
		};
		48CDA71121B2C18400B32374 /* iOS底层原理总结UITests */ = {
			isa = PBXNativeTarget;
			buildConfigurationList = 48CDA71E21B2C18500B32374 /* Build configuration list for PBXNativeTarget "iOS底层原理总结UITests" */;
			buildPhases = (
				48CDA70E21B2C18400B32374 /* Sources */,
				48CDA70F21B2C18400B32374 /* Frameworks */,
				48CDA71021B2C18400B32374 /* Resources */,
			);
			buildRules = (
			);
			dependencies = (
				48CDA71421B2C18400B32374 /* PBXTargetDependency */,
			);
			name = "iOS底层原理总结UITests";
			productName = "iOS底层原理总结UITests";
			productReference = 48CDA71221B2C18400B32374 /* iOS底层原理总结UITests.xctest */;
			productType = "com.apple.product-type.bundle.ui-testing";
		};
/* End PBXNativeTarget section */

/* Begin PBXProject section */
		48CDA6F221B2C18300B32374 /* Project object */ = {
			isa = PBXProject;
			attributes = {
				LastUpgradeCheck = 1000;
				ORGANIZATIONNAME = "Li, Havi X. -ND";
				TargetAttributes = {
					48CDA6F921B2C18300B32374 = {
						CreatedOnToolsVersion = 10.0;
					};
					48CDA71121B2C18400B32374 = {
						CreatedOnToolsVersion = 10.0;
						TestTargetID = 48CDA6F921B2C18300B32374;
					};
				};
			};
			buildConfigurationList = 48CDA6F521B2C18300B32374 /* Build configuration list for PBXProject "iOS底层原理总结" */;
			compatibilityVersion = "Xcode 9.3";
			developmentRegion = en;
			hasScannedForEncodings = 0;
			knownRegions = (
				en,
				Base,
			);
			mainGroup = 48CDA6F121B2C18300B32374;
			productRefGroup = 48CDA6FB21B2C18300B32374 /* Products */;
			projectDirPath = "";
			projectReferences = (
				{
					ProductGroup = 48CDA86221B4362000B32374 /* Products */;
					ProjectRef = 48CDA86121B4362000B32374 /* objc.xcodeproj */;
				},
			);
			projectRoot = "";
			targets = (
				48CDA6F921B2C18300B32374 /* iOS底层原理总结 */,
				48CDA71121B2C18400B32374 /* iOS底层原理总结UITests */,
			);
		};
/* End PBXProject section */

/* Begin PBXReferenceProxy section */
		48CDA86C21B4362000B32374 /* libobjc.A.dylib */ = {
			isa = PBXReferenceProxy;
			fileType = "compiled.mach-o.dylib";
			path = libobjc.A.dylib;
			remoteRef = 48CDA86B21B4362000B32374 /* PBXContainerItemProxy */;
			sourceTree = BUILT_PRODUCTS_DIR;
		};
/* End PBXReferenceProxy section */

/* Begin PBXResourcesBuildPhase section */
		48CDA6F821B2C18300B32374 /* Resources */ = {
			isa = PBXResourcesBuildPhase;
			buildActionMask = 2147483647;
			files = (
				48CDA70A21B2C18400B32374 /* LaunchScreen.storyboard in Resources */,
				48CDA70721B2C18400B32374 /* Assets.xcassets in Resources */,
				481E5A8921B61BEA004BFEA8 /* OC-Instance.md in Resources */,
				481E5A8A21B61BEA004BFEA8 /* OC-Class.md in Resources */,
				48CDA70521B2C18300B32374 /* Main.storyboard in Resources */,
				481E5A8821B61BEA004BFEA8 /* OC-KVO.md in Resources */,
			);
			runOnlyForDeploymentPostprocessing = 0;
		};
		48CDA71021B2C18400B32374 /* Resources */ = {
			isa = PBXResourcesBuildPhase;
			buildActionMask = 2147483647;
			files = (
			);
			runOnlyForDeploymentPostprocessing = 0;
		};
/* End PBXResourcesBuildPhase section */

/* Begin PBXSourcesBuildPhase section */
		48CDA6F621B2C18300B32374 /* Sources */ = {
			isa = PBXSourcesBuildPhase;
			buildActionMask = 2147483647;
			files = (
				482D733821B8042C00A83F0A /* CategoryPerson+Test.m in Sources */,
				482D733B21B8043A00A83F0A /* CategoryPerson+TestTwo.m in Sources */,
				481E5A8221B61623004BFEA8 /* KVOPerson.m in Sources */,
				481E5B3C21B6D1F5004BFEA8 /* RunLoopChildViewController.m in Sources */,
				48CDA72C21B4190300B32374 /* PersonOne.m in Sources */,
				481E5B3921B6CB53004BFEA8 /* RunLoopView.m in Sources */,
				48CDA70221B2C18300B32374 /* ViewController.m in Sources */,
				48CDA70D21B2C18400B32374 /* main.m in Sources */,
				48CDA72F21B41D6A00B32374 /* StuentOne.m in Sources */,
				48CDA6FF21B2C18300B32374 /* AppDelegate.m in Sources */,
				482D733521B8040600A83F0A /* CategoryPerson.m in Sources */,
				48CDA72721B3648D00B32374 /* Student.m in Sources */,
			);
			runOnlyForDeploymentPostprocessing = 0;
		};
		48CDA70E21B2C18400B32374 /* Sources */ = {
			isa = PBXSourcesBuildPhase;
			buildActionMask = 2147483647;
			files = (
				48CDA71721B2C18400B32374 /* iOS______UITests.m in Sources */,
			);
			runOnlyForDeploymentPostprocessing = 0;
		};
/* End PBXSourcesBuildPhase section */

/* Begin PBXTargetDependency section */
		48CDA71421B2C18400B32374 /* PBXTargetDependency */ = {
			isa = PBXTargetDependency;
			target = 48CDA6F921B2C18300B32374 /* iOS底层原理总结 */;
			targetProxy = 48CDA71321B2C18400B32374 /* PBXContainerItemProxy */;
		};
/* End PBXTargetDependency section */

/* Begin PBXVariantGroup section */
		48CDA70321B2C18300B32374 /* Main.storyboard */ = {
			isa = PBXVariantGroup;
			children = (
				48CDA70421B2C18300B32374 /* Base */,
			);
			name = Main.storyboard;
			sourceTree = "<group>";
		};
		48CDA70821B2C18400B32374 /* LaunchScreen.storyboard */ = {
			isa = PBXVariantGroup;
			children = (
				48CDA70921B2C18400B32374 /* Base */,
			);
			name = LaunchScreen.storyboard;
			sourceTree = "<group>";
		};
/* End PBXVariantGroup section */

/* Begin XCBuildConfiguration section */
		48CDA71921B2C18500B32374 /* Debug */ = {
			isa = XCBuildConfiguration;
			buildSettings = {
				ALWAYS_SEARCH_USER_PATHS = NO;
				CLANG_ANALYZER_NONNULL = YES;
				CLANG_ANALYZER_NUMBER_OBJECT_CONVERSION = YES_AGGRESSIVE;
				CLANG_CXX_LANGUAGE_STANDARD = "gnu++14";
				CLANG_CXX_LIBRARY = "libc++";
				CLANG_ENABLE_MODULES = YES;
				CLANG_ENABLE_OBJC_ARC = YES;
				CLANG_ENABLE_OBJC_WEAK = YES;
				CLANG_WARN_BLOCK_CAPTURE_AUTORELEASING = YES;
				CLANG_WARN_BOOL_CONVERSION = YES;
				CLANG_WARN_COMMA = YES;
				CLANG_WARN_CONSTANT_CONVERSION = YES;
				CLANG_WARN_DEPRECATED_OBJC_IMPLEMENTATIONS = YES;
				CLANG_WARN_DIRECT_OBJC_ISA_USAGE = YES_ERROR;
				CLANG_WARN_DOCUMENTATION_COMMENTS = YES;
				CLANG_WARN_EMPTY_BODY = YES;
				CLANG_WARN_ENUM_CONVERSION = YES;
				CLANG_WARN_INFINITE_RECURSION = YES;
				CLANG_WARN_INT_CONVERSION = YES;
				CLANG_WARN_NON_LITERAL_NULL_CONVERSION = YES;
				CLANG_WARN_OBJC_IMPLICIT_RETAIN_SELF = YES;
				CLANG_WARN_OBJC_LITERAL_CONVERSION = YES;
				CLANG_WARN_OBJC_ROOT_CLASS = YES_ERROR;
				CLANG_WARN_RANGE_LOOP_ANALYSIS = YES;
				CLANG_WARN_STRICT_PROTOTYPES = YES;
				CLANG_WARN_SUSPICIOUS_MOVE = YES;
				CLANG_WARN_UNGUARDED_AVAILABILITY = YES_AGGRESSIVE;
				CLANG_WARN_UNREACHABLE_CODE = YES;
				CLANG_WARN__DUPLICATE_METHOD_MATCH = YES;
				CODE_SIGN_IDENTITY = "iPhone Developer";
				COPY_PHASE_STRIP = NO;
				DEBUG_INFORMATION_FORMAT = dwarf;
				ENABLE_STRICT_OBJC_MSGSEND = YES;
				ENABLE_TESTABILITY = YES;
				GCC_C_LANGUAGE_STANDARD = gnu11;
				GCC_DYNAMIC_NO_PIC = NO;
				GCC_NO_COMMON_BLOCKS = YES;
				GCC_OPTIMIZATION_LEVEL = 0;
				GCC_PREPROCESSOR_DEFINITIONS = (
					"DEBUG=1",
					"$(inherited)",
				);
				GCC_WARN_64_TO_32_BIT_CONVERSION = YES;
				GCC_WARN_ABOUT_RETURN_TYPE = YES_ERROR;
				GCC_WARN_UNDECLARED_SELECTOR = YES;
				GCC_WARN_UNINITIALIZED_AUTOS = YES_AGGRESSIVE;
				GCC_WARN_UNUSED_FUNCTION = YES;
				GCC_WARN_UNUSED_VARIABLE = YES;
				IPHONEOS_DEPLOYMENT_TARGET = 10.3;
				MTL_ENABLE_DEBUG_INFO = INCLUDE_SOURCE;
				MTL_FAST_MATH = YES;
				ONLY_ACTIVE_ARCH = YES;
				SDKROOT = iphoneos;
			};
			name = Debug;
		};
		48CDA71A21B2C18500B32374 /* Release */ = {
			isa = XCBuildConfiguration;
			buildSettings = {
				ALWAYS_SEARCH_USER_PATHS = NO;
				CLANG_ANALYZER_NONNULL = YES;
				CLANG_ANALYZER_NUMBER_OBJECT_CONVERSION = YES_AGGRESSIVE;
				CLANG_CXX_LANGUAGE_STANDARD = "gnu++14";
				CLANG_CXX_LIBRARY = "libc++";
				CLANG_ENABLE_MODULES = YES;
				CLANG_ENABLE_OBJC_ARC = YES;
				CLANG_ENABLE_OBJC_WEAK = YES;
				CLANG_WARN_BLOCK_CAPTURE_AUTORELEASING = YES;
				CLANG_WARN_BOOL_CONVERSION = YES;
				CLANG_WARN_COMMA = YES;
				CLANG_WARN_CONSTANT_CONVERSION = YES;
				CLANG_WARN_DEPRECATED_OBJC_IMPLEMENTATIONS = YES;
				CLANG_WARN_DIRECT_OBJC_ISA_USAGE = YES_ERROR;
				CLANG_WARN_DOCUMENTATION_COMMENTS = YES;
				CLANG_WARN_EMPTY_BODY = YES;
				CLANG_WARN_ENUM_CONVERSION = YES;
				CLANG_WARN_INFINITE_RECURSION = YES;
				CLANG_WARN_INT_CONVERSION = YES;
				CLANG_WARN_NON_LITERAL_NULL_CONVERSION = YES;
				CLANG_WARN_OBJC_IMPLICIT_RETAIN_SELF = YES;
				CLANG_WARN_OBJC_LITERAL_CONVERSION = YES;
				CLANG_WARN_OBJC_ROOT_CLASS = YES_ERROR;
				CLANG_WARN_RANGE_LOOP_ANALYSIS = YES;
				CLANG_WARN_STRICT_PROTOTYPES = YES;
				CLANG_WARN_SUSPICIOUS_MOVE = YES;
				CLANG_WARN_UNGUARDED_AVAILABILITY = YES_AGGRESSIVE;
				CLANG_WARN_UNREACHABLE_CODE = YES;
				CLANG_WARN__DUPLICATE_METHOD_MATCH = YES;
				CODE_SIGN_IDENTITY = "iPhone Developer";
				COPY_PHASE_STRIP = NO;
				DEBUG_INFORMATION_FORMAT = "dwarf-with-dsym";
				ENABLE_NS_ASSERTIONS = NO;
				ENABLE_STRICT_OBJC_MSGSEND = YES;
				GCC_C_LANGUAGE_STANDARD = gnu11;
				GCC_NO_COMMON_BLOCKS = YES;
				GCC_WARN_64_TO_32_BIT_CONVERSION = YES;
				GCC_WARN_ABOUT_RETURN_TYPE = YES_ERROR;
				GCC_WARN_UNDECLARED_SELECTOR = YES;
				GCC_WARN_UNINITIALIZED_AUTOS = YES_AGGRESSIVE;
				GCC_WARN_UNUSED_FUNCTION = YES;
				GCC_WARN_UNUSED_VARIABLE = YES;
				IPHONEOS_DEPLOYMENT_TARGET = 10.3;
				MTL_ENABLE_DEBUG_INFO = NO;
				MTL_FAST_MATH = YES;
				SDKROOT = iphoneos;
				VALIDATE_PRODUCT = YES;
			};
			name = Release;
		};
		48CDA71C21B2C18500B32374 /* Debug */ = {
			isa = XCBuildConfiguration;
			buildSettings = {
				ASSETCATALOG_COMPILER_APPICON_NAME = AppIcon;
				CODE_SIGN_STYLE = Automatic;
				INFOPLIST_FILE = "iOS底层原理总结/Info.plist";
				LD_RUNPATH_SEARCH_PATHS = (
					"$(inherited)",
					"@executable_path/Frameworks",
				);
				PRODUCT_BUNDLE_IDENTIFIER = "Disney.iOS------";
				PRODUCT_NAME = "$(TARGET_NAME)";
				TARGETED_DEVICE_FAMILY = 1;
			};
			name = Debug;
		};
		48CDA71D21B2C18500B32374 /* Release */ = {
			isa = XCBuildConfiguration;
			buildSettings = {
				ASSETCATALOG_COMPILER_APPICON_NAME = AppIcon;
				CODE_SIGN_STYLE = Automatic;
				INFOPLIST_FILE = "iOS底层原理总结/Info.plist";
				LD_RUNPATH_SEARCH_PATHS = (
					"$(inherited)",
					"@executable_path/Frameworks",
				);
				PRODUCT_BUNDLE_IDENTIFIER = "Disney.iOS------";
				PRODUCT_NAME = "$(TARGET_NAME)";
				TARGETED_DEVICE_FAMILY = 1;
			};
			name = Release;
		};
		48CDA71F21B2C18500B32374 /* Debug */ = {
			isa = XCBuildConfiguration;
			buildSettings = {
				CODE_SIGN_STYLE = Automatic;
				INFOPLIST_FILE = "iOS底层原理总结UITests/Info.plist";
				LD_RUNPATH_SEARCH_PATHS = (
					"$(inherited)",
					"@executable_path/Frameworks",
					"@loader_path/Frameworks",
				);
				PRODUCT_BUNDLE_IDENTIFIER = "Disney.iOS------UITests";
				PRODUCT_NAME = "$(TARGET_NAME)";
				TARGETED_DEVICE_FAMILY = "1,2";
				TEST_TARGET_NAME = "iOS底层原理总结";
			};
			name = Debug;
		};
		48CDA72021B2C18500B32374 /* Release */ = {
			isa = XCBuildConfiguration;
			buildSettings = {
				CODE_SIGN_STYLE = Automatic;
				INFOPLIST_FILE = "iOS底层原理总结UITests/Info.plist";
				LD_RUNPATH_SEARCH_PATHS = (
					"$(inherited)",
					"@executable_path/Frameworks",
					"@loader_path/Frameworks",
				);
				PRODUCT_BUNDLE_IDENTIFIER = "Disney.iOS------UITests";
				PRODUCT_NAME = "$(TARGET_NAME)";
				TARGETED_DEVICE_FAMILY = "1,2";
				TEST_TARGET_NAME = "iOS底层原理总结";
			};
			name = Release;
		};
/* End XCBuildConfiguration section */

/* Begin XCConfigurationList section */
		48CDA6F521B2C18300B32374 /* Build configuration list for PBXProject "iOS底层原理总结" */ = {
			isa = XCConfigurationList;
			buildConfigurations = (
				48CDA71921B2C18500B32374 /* Debug */,
				48CDA71A21B2C18500B32374 /* Release */,
			);
			defaultConfigurationIsVisible = 0;
			defaultConfigurationName = Release;
		};
		48CDA71B21B2C18500B32374 /* Build configuration list for PBXNativeTarget "iOS底层原理总结" */ = {
			isa = XCConfigurationList;
			buildConfigurations = (
				48CDA71C21B2C18500B32374 /* Debug */,
				48CDA71D21B2C18500B32374 /* Release */,
			);
			defaultConfigurationIsVisible = 0;
			defaultConfigurationName = Release;
		};
		48CDA71E21B2C18500B32374 /* Build configuration list for PBXNativeTarget "iOS底层原理总结UITests" */ = {
			isa = XCConfigurationList;
			buildConfigurations = (
				48CDA71F21B2C18500B32374 /* Debug */,
				48CDA72021B2C18500B32374 /* Release */,
			);
			defaultConfigurationIsVisible = 0;
			defaultConfigurationName = Release;
		};
/* End XCConfigurationList section */
	};
	rootObject = 48CDA6F221B2C18300B32374 /* Project object */;
}
