// !$*UTF8*$!
{
	archiveVersion = 1;
	classes = {
	};
	objectVersion = 50;
	objects = {

/* Begin PBXBuildFile section */
		48CDA6FF21B2C18300B32374 /* AppDelegate.m in Sources */ = {isa = PBXBuildFile; fileRef = 48CDA6FE21B2C18300B32374 /* AppDelegate.m */; };
		48CDA70221B2C18300B32374 /* ViewController.m in Sources */ = {isa = PBXBuildFile; fileRef = 48CDA70121B2C18300B32374 /* ViewController.m */; };
		48CDA70521B2C18300B32374 /* Main.storyboard in Resources */ = {isa = PBXBuildFile; fileRef = 48CDA70321B2C18300B32374 /* Main.storyboard */; };
		48CDA70721B2C18400B32374 /* Assets.xcassets in Resources */ = {isa = PBXBuildFile; fileRef = 48CDA70621B2C18400B32374 /* Assets.xcassets */; };
		48CDA70A21B2C18400B32374 /* LaunchScreen.storyboard in Resources */ = {isa = PBXBuildFile; fileRef = 48CDA70821B2C18400B32374 /* LaunchScreen.storyboard */; };
		48CDA70D21B2C18400B32374 /* main.m in Sources */ = {isa = PBXBuildFile; fileRef = 48CDA70C21B2C18400B32374 /* main.m */; };
		48CDA71721B2C18400B32374 /* iOS______UITests.m in Sources */ = {isa = PBXBuildFile; fileRef = 48CDA71621B2C18400B32374 /* iOS______UITests.m */; };
		48CDA72721B3648D00B32374 /* Student.m in Sources */ = {isa = PBXBuildFile; fileRef = 48CDA72621B3648D00B32374 /* Student.m */; };
		48CDA72C21B4190300B32374 /* PersonOne.m in Sources */ = {isa = PBXBuildFile; fileRef = 48CDA72B21B4190300B32374 /* PersonOne.m */; };
		48CDA72F21B41D6A00B32374 /* StuentOne.m in Sources */ = {isa = PBXBuildFile; fileRef = 48CDA72E21B41D6A00B32374 /* StuentOne.m */; };
/* End PBXBuildFile section */

/* Begin PBXContainerItemProxy section */
		48CDA71321B2C18400B32374 /* PBXContainerItemProxy */ = {
			isa = PBXContainerItemProxy;
			containerPortal = 48CDA6F221B2C18300B32374 /* Project object */;
			proxyType = 1;
			remoteGlobalIDString = 48CDA6F921B2C18300B32374;
			remoteInfo = "iOS底层原理总结";
		};
		48CDA86B21B4362000B32374 /* PBXContainerItemProxy */ = {
			isa = PBXContainerItemProxy;
			containerPortal = 48CDA86121B4362000B32374 /* objc.xcodeproj */;
			proxyType = 2;
			remoteGlobalIDString = D2AAC0630554660B00DB518D;
			remoteInfo = objc;
		};
/* End PBXContainerItemProxy section */

/* Begin PBXFileReference section */
		48CDA6FA21B2C18300B32374 /* iOS底层原理总结.app */ = {isa = PBXFileReference; explicitFileType = wrapper.application; includeInIndex = 0; path = "iOS底层原理总结.app"; sourceTree = BUILT_PRODUCTS_DIR; };
		48CDA6FD21B2C18300B32374 /* AppDelegate.h */ = {isa = PBXFileReference; lastKnownFileType = sourcecode.c.h; path = AppDelegate.h; sourceTree = "<group>"; };
		48CDA6FE21B2C18300B32374 /* AppDelegate.m */ = {isa = PBXFileReference; lastKnownFileType = sourcecode.c.objc; path = AppDelegate.m; sourceTree = "<group>"; };
		48CDA70021B2C18300B32374 /* ViewController.h */ = {isa = PBXFileReference; lastKnownFileType = sourcecode.c.h; path = ViewController.h; sourceTree = "<group>"; };
		48CDA70121B2C18300B32374 /* ViewController.m */ = {isa = PBXFileReference; lastKnownFileType = sourcecode.c.objc; path = ViewController.m; sourceTree = "<group>"; };
		48CDA70421B2C18300B32374 /* Base */ = {isa = PBXFileReference; lastKnownFileType = file.storyboard; name = Base; path = Base.lproj/Main.storyboard; sourceTree = "<group>"; };
		48CDA70621B2C18400B32374 /* Assets.xcassets */ = {isa = PBXFileReference; lastKnownFileType = folder.assetcatalog; path = Assets.xcassets; sourceTree = "<group>"; };
		48CDA70921B2C18400B32374 /* Base */ = {isa = PBXFileReference; lastKnownFileType = file.storyboard; name = Base; path = Base.lproj/LaunchScreen.storyboard; sourceTree = "<group>"; };
		48CDA70B21B2C18400B32374 /* Info.plist */ = {isa = PBXFileReference; lastKnownFileType = text.plist.xml; path = Info.plist; sourceTree = "<group>"; };
		48CDA70C21B2C18400B32374 /* main.m */ = {isa = PBXFileReference; lastKnownFileType = sourcecode.c.objc; path = main.m; sourceTree = "<group>"; };
		48CDA71221B2C18400B32374 /* iOS底层原理总结UITests.xctest */ = {isa = PBXFileReference; explicitFileType = wrapper.cfbundle; includeInIndex = 0; path = "iOS底层原理总结UITests.xctest"; sourceTree = BUILT_PRODUCTS_DIR; };
		48CDA71621B2C18400B32374 /* iOS______UITests.m */ = {isa = PBXFileReference; lastKnownFileType = sourcecode.c.objc; path = "iOS______UITests.m"; sourceTree = "<group>"; };
		48CDA71821B2C18400B32374 /* Info.plist */ = {isa = PBXFileReference; lastKnownFileType = text.plist.xml; path = Info.plist; sourceTree = "<group>"; };
		48CDA72121B3647600B32374 /* main.cpp */ = {isa = PBXFileReference; fileEncoding = 4; lastKnownFileType = sourcecode.cpp.cpp; path = main.cpp; sourceTree = "<group>"; };
		48CDA72221B3647600B32374 /* ViewController.cpp */ = {isa = PBXFileReference; fileEncoding = 4; lastKnownFileType = sourcecode.cpp.cpp; path = ViewController.cpp; sourceTree = "<group>"; };
		48CDA72521B3648D00B32374 /* Student.h */ = {isa = PBXFileReference; lastKnownFileType = sourcecode.c.h; path = Student.h; sourceTree = "<group>"; };
		48CDA72621B3648D00B32374 /* Student.m */ = {isa = PBXFileReference; lastKnownFileType = sourcecode.c.objc; path = Student.m; sourceTree = "<group>"; };
		48CDA72821B369C700B32374 /* Student.cpp */ = {isa = PBXFileReference; lastKnownFileType = sourcecode.cpp.cpp; path = Student.cpp; sourceTree = "<group>"; };
		48CDA72A21B4190300B32374 /* PersonOne.h */ = {isa = PBXFileReference; lastKnownFileType = sourcecode.c.h; path = PersonOne.h; sourceTree = "<group>"; };
		48CDA72B21B4190300B32374 /* PersonOne.m */ = {isa = PBXFileReference; lastKnownFileType = sourcecode.c.objc; path = PersonOne.m; sourceTree = "<group>"; };
		48CDA72D21B41D6A00B32374 /* StuentOne.h */ = {isa = PBXFileReference; lastKnownFileType = sourcecode.c.h; path = StuentOne.h; sourceTree = "<group>"; };
		48CDA72E21B41D6A00B32374 /* StuentOne.m */ = {isa = PBXFileReference; lastKnownFileType = sourcecode.c.objc; path = StuentOne.m; sourceTree = "<group>"; };
		48CDA7F021B4362000B32374 /* version.bat */ = {isa = PBXFileReference; lastKnownFileType = text; path = version.bat; sourceTree = "<group>"; };
		48CDA7F221B4362000B32374 /* objcrt.vcproj */ = {isa = PBXFileReference; lastKnownFileType = text.xml; path = objcrt.vcproj; sourceTree = "<group>"; };
		48CDA7F321B4362000B32374 /* libobjc.order */ = {isa = PBXFileReference; lastKnownFileType = text; path = libobjc.order; sourceTree = "<group>"; };
		48CDA7F421B4362000B32374 /* APPLE_LICENSE */ = {isa = PBXFileReference; lastKnownFileType = text; path = APPLE_LICENSE; sourceTree = "<group>"; };
		48CDA7F521B4362000B32374 /* prebuild.bat */ = {isa = PBXFileReference; lastKnownFileType = text; path = prebuild.bat; sourceTree = "<group>"; };
		48CDA7F621B4362000B32374 /* objc.suo */ = {isa = PBXFileReference; lastKnownFileType = file; path = objc.suo; sourceTree = "<group>"; };
		48CDA7F721B4362000B32374 /* unexported_symbols */ = {isa = PBXFileReference; lastKnownFileType = text; path = unexported_symbols; sourceTree = "<group>"; };
		48CDA7F821B4362000B32374 /* ReleaseNotes.rtf */ = {isa = PBXFileReference; lastKnownFileType = text.rtf; path = ReleaseNotes.rtf; sourceTree = "<group>"; };
		48CDA7FA21B4362000B32374 /* Protocol.h */ = {isa = PBXFileReference; lastKnownFileType = sourcecode.c.h; path = Protocol.h; sourceTree = "<group>"; };
		48CDA7FB21B4362000B32374 /* objc-file.mm */ = {isa = PBXFileReference; lastKnownFileType = sourcecode.cpp.objcpp; path = "objc-file.mm"; sourceTree = "<group>"; };
		48CDA7FC21B4362000B32374 /* objc-errors.mm */ = {isa = PBXFileReference; lastKnownFileType = sourcecode.cpp.objcpp; path = "objc-errors.mm"; sourceTree = "<group>"; };
		48CDA7FD21B4362000B32374 /* objc-config.h */ = {isa = PBXFileReference; lastKnownFileType = sourcecode.c.h; path = "objc-config.h"; sourceTree = "<group>"; };
		48CDA7FE21B4362000B32374 /* objc-private.h */ = {isa = PBXFileReference; lastKnownFileType = sourcecode.c.h; path = "objc-private.h"; sourceTree = "<group>"; };
		48CDA80021B4362000B32374 /* objc-msg-arm.s */ = {isa = PBXFileReference; lastKnownFileType = sourcecode.asm; path = "objc-msg-arm.s"; sourceTree = "<group>"; };
		48CDA80121B4362000B32374 /* objc-msg-simulator-i386.s */ = {isa = PBXFileReference; lastKnownFileType = sourcecode.asm; path = "objc-msg-simulator-i386.s"; sourceTree = "<group>"; };
		48CDA80221B4362000B32374 /* objc-msg-i386.s */ = {isa = PBXFileReference; lastKnownFileType = sourcecode.asm; path = "objc-msg-i386.s"; sourceTree = "<group>"; };
		48CDA80321B4362000B32374 /* objc-msg-x86_64.s */ = {isa = PBXFileReference; lastKnownFileType = sourcecode.asm; path = "objc-msg-x86_64.s"; sourceTree = "<group>"; };
		48CDA80421B4362000B32374 /* objc-msg-simulator-x86_64.s */ = {isa = PBXFileReference; lastKnownFileType = sourcecode.asm; path = "objc-msg-simulator-x86_64.s"; sourceTree = "<group>"; };
		48CDA80521B4362000B32374 /* objc-msg-win32.m */ = {isa = PBXFileReference; lastKnownFileType = sourcecode.c.objc; path = "objc-msg-win32.m"; sourceTree = "<group>"; };
		48CDA80621B4362000B32374 /* objc-msg-arm64.s */ = {isa = PBXFileReference; lastKnownFileType = sourcecode.asm; path = "objc-msg-arm64.s"; sourceTree = "<group>"; };
		48CDA80721B4362000B32374 /* llvm-DenseMapInfo.h */ = {isa = PBXFileReference; lastKnownFileType = sourcecode.c.h; path = "llvm-DenseMapInfo.h"; sourceTree = "<group>"; };
		48CDA80821B4362000B32374 /* objc-class.mm */ = {isa = PBXFileReference; lastKnownFileType = sourcecode.cpp.objcpp; path = "objc-class.mm"; sourceTree = "<group>"; };
		48CDA80921B4362000B32374 /* a1a2-blocktramps-x86_64.s */ = {isa = PBXFileReference; lastKnownFileType = sourcecode.asm; path = "a1a2-blocktramps-x86_64.s"; sourceTree = "<group>"; };
		48CDA80A21B4362000B32374 /* objc-runtime-new.mm */ = {isa = PBXFileReference; lastKnownFileType = sourcecode.cpp.objcpp; path = "objc-runtime-new.mm"; sourceTree = "<group>"; };
		48CDA80B21B4362000B32374 /* objc-file-old.mm */ = {isa = PBXFileReference; lastKnownFileType = sourcecode.cpp.objcpp; path = "objc-file-old.mm"; sourceTree = "<group>"; };
		48CDA80C21B4362000B32374 /* a1a2-blocktramps-i386.s */ = {isa = PBXFileReference; lastKnownFileType = sourcecode.asm; path = "a1a2-blocktramps-i386.s"; sourceTree = "<group>"; };
		48CDA80D21B4362000B32374 /* objc-sel-table.s */ = {isa = PBXFileReference; lastKnownFileType = sourcecode.asm; path = "objc-sel-table.s"; sourceTree = "<group>"; };
		48CDA80E21B4362000B32374 /* objc-locks-new.h */ = {isa = PBXFileReference; lastKnownFileType = sourcecode.c.h; path = "objc-locks-new.h"; sourceTree = "<group>"; };
		48CDA80F21B4362000B32374 /* objc-os.h */ = {isa = PBXFileReference; lastKnownFileType = sourcecode.c.h; path = "objc-os.h"; sourceTree = "<group>"; };
		48CDA81021B4362000B32374 /* objc-exception.h */ = {isa = PBXFileReference; lastKnownFileType = sourcecode.c.h; path = "objc-exception.h"; sourceTree = "<group>"; };
		48CDA81121B4362000B32374 /* NSObjCRuntime.h */ = {isa = PBXFileReference; lastKnownFileType = sourcecode.c.h; path = NSObjCRuntime.h; sourceTree = "<group>"; };
		48CDA81221B4362000B32374 /* objc-cache-old.h */ = {isa = PBXFileReference; lastKnownFileType = sourcecode.c.h; path = "objc-cache-old.h"; sourceTree = "<group>"; };
		48CDA81321B4362000B32374 /* a2a3-blocktramps-i386.s */ = {isa = PBXFileReference; lastKnownFileType = sourcecode.asm; path = "a2a3-blocktramps-i386.s"; sourceTree = "<group>"; };
		48CDA81421B4362000B32374 /* NSObject.mm */ = {isa = PBXFileReference; lastKnownFileType = sourcecode.cpp.objcpp; path = NSObject.mm; sourceTree = "<group>"; };
		48CDA81521B4362000B32374 /* objcrt.h */ = {isa = PBXFileReference; lastKnownFileType = sourcecode.c.h; path = objcrt.h; sourceTree = "<group>"; };
		48CDA81621B4362000B32374 /* objc-references.mm */ = {isa = PBXFileReference; lastKnownFileType = sourcecode.cpp.objcpp; path = "objc-references.mm"; sourceTree = "<group>"; };
		48CDA81721B4362000B32374 /* objc-sel-set.mm */ = {isa = PBXFileReference; lastKnownFileType = sourcecode.cpp.objcpp; path = "objc-sel-set.mm"; sourceTree = "<group>"; };
		48CDA81821B4362000B32374 /* objc-sync.h */ = {isa = PBXFileReference; lastKnownFileType = sourcecode.c.h; path = "objc-sync.h"; sourceTree = "<group>"; };
		48CDA81921B4362000B32374 /* hashtable.h */ = {isa = PBXFileReference; lastKnownFileType = sourcecode.c.h; path = hashtable.h; sourceTree = "<group>"; };
		48CDA81A21B4362000B32374 /* objc-initialize.mm */ = {isa = PBXFileReference; lastKnownFileType = sourcecode.cpp.objcpp; path = "objc-initialize.mm"; sourceTree = "<group>"; };
		48CDA81B21B4362000B32374 /* a2a3-blocktramps-x86_64.s */ = {isa = PBXFileReference; lastKnownFileType = sourcecode.asm; path = "a2a3-blocktramps-x86_64.s"; sourceTree = "<group>"; };
		48CDA81C21B4362000B32374 /* objc-load.mm */ = {isa = PBXFileReference; lastKnownFileType = sourcecode.cpp.objcpp; path = "objc-load.mm"; sourceTree = "<group>"; };
		48CDA81D21B4362000B32374 /* objc-lockdebug.h */ = {isa = PBXFileReference; lastKnownFileType = sourcecode.c.h; path = "objc-lockdebug.h"; sourceTree = "<group>"; };
		48CDA81E21B4362000B32374 /* objc-load.h */ = {isa = PBXFileReference; lastKnownFileType = sourcecode.c.h; path = "objc-load.h"; sourceTree = "<group>"; };
		48CDA82021B4362000B32374 /* ObjectiveC.apinotes */ = {isa = PBXFileReference; lastKnownFileType = text; path = ObjectiveC.apinotes; sourceTree = "<group>"; };
		48CDA82121B4362000B32374 /* module.modulemap */ = {isa = PBXFileReference; lastKnownFileType = "sourcecode.module-map"; path = module.modulemap; sourceTree = "<group>"; };
		48CDA82221B4362000B32374 /* llvm-type_traits.h */ = {isa = PBXFileReference; lastKnownFileType = sourcecode.c.h; path = "llvm-type_traits.h"; sourceTree = "<group>"; };
		48CDA82421B4362000B32374 /* List.m */ = {isa = PBXFileReference; lastKnownFileType = sourcecode.c.objc; path = List.m; sourceTree = "<group>"; };
		48CDA82521B4362000B32374 /* List.h */ = {isa = PBXFileReference; lastKnownFileType = sourcecode.c.h; path = List.h; sourceTree = "<group>"; };
		48CDA82621B4362000B32374 /* objc-block-trampolines.mm */ = {isa = PBXFileReference; lastKnownFileType = sourcecode.cpp.objcpp; path = "objc-block-trampolines.mm"; sourceTree = "<group>"; };
		48CDA82721B4362000B32374 /* objc-loadmethod.mm */ = {isa = PBXFileReference; lastKnownFileType = sourcecode.cpp.objcpp; path = "objc-loadmethod.mm"; sourceTree = "<group>"; };
		48CDA82821B4362000B32374 /* objc-runtime.mm */ = {isa = PBXFileReference; lastKnownFileType = sourcecode.cpp.objcpp; path = "objc-runtime.mm"; sourceTree = "<group>"; };
		48CDA82921B4362000B32374 /* objc-file.h */ = {isa = PBXFileReference; lastKnownFileType = sourcecode.c.h; path = "objc-file.h"; sourceTree = "<group>"; };
		48CDA82A21B4362000B32374 /* objc-probes.d */ = {isa = PBXFileReference; lastKnownFileType = sourcecode.dtrace; path = "objc-probes.d"; sourceTree = "<group>"; };
		48CDA82B21B4362000B32374 /* objc-class-old.mm */ = {isa = PBXFileReference; lastKnownFileType = sourcecode.cpp.objcpp; path = "objc-class-old.mm"; sourceTree = "<group>"; };
		48CDA82C21B4362000B32374 /* message.h */ = {isa = PBXFileReference; lastKnownFileType = sourcecode.c.h; path = message.h; sourceTree = "<group>"; };
		48CDA82D21B4362000B32374 /* objc-cache.h */ = {isa = PBXFileReference; lastKnownFileType = sourcecode.c.h; path = "objc-cache.h"; sourceTree = "<group>"; };
		48CDA82E21B4362000B32374 /* objc-weak.mm */ = {isa = PBXFileReference; lastKnownFileType = sourcecode.cpp.objcpp; path = "objc-weak.mm"; sourceTree = "<group>"; };
		48CDA82F21B4362000B32374 /* objc-env.h */ = {isa = PBXFileReference; lastKnownFileType = sourcecode.c.h; path = "objc-env.h"; sourceTree = "<group>"; };
		48CDA83021B4362000B32374 /* maptable.mm */ = {isa = PBXFileReference; lastKnownFileType = sourcecode.cpp.objcpp; path = maptable.mm; sourceTree = "<group>"; };
		48CDA83121B4362000B32374 /* objc-file-old.h */ = {isa = PBXFileReference; lastKnownFileType = sourcecode.c.h; path = "objc-file-old.h"; sourceTree = "<group>"; };
		48CDA83221B4362000B32374 /* objc.h */ = {isa = PBXFileReference; lastKnownFileType = sourcecode.c.h; path = objc.h; sourceTree = "<group>"; };
		48CDA83321B4362000B32374 /* objc-locks-old.h */ = {isa = PBXFileReference; lastKnownFileType = sourcecode.c.h; path = "objc-locks-old.h"; sourceTree = "<group>"; };
		48CDA83421B4362000B32374 /* objc-auto.mm */ = {isa = PBXFileReference; lastKnownFileType = sourcecode.cpp.objcpp; path = "objc-auto.mm"; sourceTree = "<group>"; };
		48CDA83521B4362000B32374 /* objc-cache-old.mm */ = {isa = PBXFileReference; lastKnownFileType = sourcecode.cpp.objcpp; path = "objc-cache-old.mm"; sourceTree = "<group>"; };
		48CDA83621B4362000B32374 /* objc-sel-set.h */ = {isa = PBXFileReference; lastKnownFileType = sourcecode.c.h; path = "objc-sel-set.h"; sourceTree = "<group>"; };
		48CDA83721B4362000B32374 /* llvm-MathExtras.h */ = {isa = PBXFileReference; lastKnownFileType = sourcecode.c.h; path = "llvm-MathExtras.h"; sourceTree = "<group>"; };
		48CDA83821B4362000B32374 /* objc-sel.mm */ = {isa = PBXFileReference; lastKnownFileType = sourcecode.cpp.objcpp; path = "objc-sel.mm"; sourceTree = "<group>"; };
		48CDA83921B4362000B32374 /* runtime.h */ = {isa = PBXFileReference; lastKnownFileType = sourcecode.c.h; path = runtime.h; sourceTree = "<group>"; };
		48CDA83A21B4362000B32374 /* objc-gdb.h */ = {isa = PBXFileReference; lastKnownFileType = sourcecode.c.h; path = "objc-gdb.h"; sourceTree = "<group>"; };
		48CDA83B21B4362000B32374 /* objc-class.h */ = {isa = PBXFileReference; lastKnownFileType = sourcecode.c.h; path = "objc-class.h"; sourceTree = "<group>"; };
		48CDA83C21B4362000B32374 /* NSObject.h */ = {isa = PBXFileReference; lastKnownFileType = sourcecode.c.h; path = NSObject.h; sourceTree = "<group>"; };
		48CDA83D21B4362000B32374 /* objc-internal.h */ = {isa = PBXFileReference; lastKnownFileType = sourcecode.c.h; path = "objc-internal.h"; sourceTree = "<group>"; };
		48CDA83E21B4362000B32374 /* objc-weak.h */ = {isa = PBXFileReference; lastKnownFileType = sourcecode.c.h; path = "objc-weak.h"; sourceTree = "<group>"; };
		48CDA83F21B4362000B32374 /* Object.mm */ = {isa = PBXFileReference; lastKnownFileType = sourcecode.cpp.objcpp; path = Object.mm; sourceTree = "<group>"; };
		48CDA84021B4362000B32374 /* objc-sync.mm */ = {isa = PBXFileReference; lastKnownFileType = sourcecode.cpp.objcpp; path = "objc-sync.mm"; sourceTree = "<group>"; };
		48CDA84121B4362000B32374 /* maptable.h */ = {isa = PBXFileReference; lastKnownFileType = sourcecode.c.h; path = maptable.h; sourceTree = "<group>"; };
		48CDA84221B4362000B32374 /* objc-runtime-old.h */ = {isa = PBXFileReference; lastKnownFileType = sourcecode.c.h; path = "objc-runtime-old.h"; sourceTree = "<group>"; };
		48CDA84321B4362000B32374 /* objc-exception.mm */ = {isa = PBXFileReference; lastKnownFileType = sourcecode.cpp.objcpp; path = "objc-exception.mm"; sourceTree = "<group>"; };
		48CDA84421B4362000B32374 /* objc-object.h */ = {isa = PBXFileReference; lastKnownFileType = sourcecode.c.h; path = "objc-object.h"; sourceTree = "<group>"; };
		48CDA84521B4362000B32374 /* objc-layout.mm */ = {isa = PBXFileReference; lastKnownFileType = sourcecode.cpp.objcpp; path = "objc-layout.mm"; sourceTree = "<group>"; };
		48CDA84621B4362000B32374 /* objc-initialize.h */ = {isa = PBXFileReference; lastKnownFileType = sourcecode.c.h; path = "objc-initialize.h"; sourceTree = "<group>"; };
		48CDA84721B4362000B32374 /* objc-runtime-old.mm */ = {isa = PBXFileReference; lastKnownFileType = sourcecode.cpp.objcpp; path = "objc-runtime-old.mm"; sourceTree = "<group>"; };
		48CDA84821B4362000B32374 /* objc-abi.h */ = {isa = PBXFileReference; lastKnownFileType = sourcecode.c.h; path = "objc-abi.h"; sourceTree = "<group>"; };
		48CDA84921B4362000B32374 /* a1a2-blocktramps-arm64.s */ = {isa = PBXFileReference; lastKnownFileType = sourcecode.asm; path = "a1a2-blocktramps-arm64.s"; sourceTree = "<group>"; };
		48CDA84A21B4362000B32374 /* objc-os.mm */ = {isa = PBXFileReference; lastKnownFileType = sourcecode.cpp.objcpp; path = "objc-os.mm"; sourceTree = "<group>"; };
		48CDA84B21B4362000B32374 /* objc-accessors.mm */ = {isa = PBXFileReference; lastKnownFileType = sourcecode.cpp.objcpp; path = "objc-accessors.mm"; sourceTree = "<group>"; };
		48CDA84C21B4362000B32374 /* objcrt.c */ = {isa = PBXFileReference; lastKnownFileType = sourcecode.c.c; path = objcrt.c; sourceTree = "<group>"; };
		48CDA84D21B4362000B32374 /* objc-loadmethod.h */ = {isa = PBXFileReference; lastKnownFileType = sourcecode.c.h; path = "objc-loadmethod.h"; sourceTree = "<group>"; };
		48CDA84E21B4362000B32374 /* Object.h */ = {isa = PBXFileReference; lastKnownFileType = sourcecode.c.h; path = Object.h; sourceTree = "<group>"; };
		48CDA84F21B4362000B32374 /* hashtable2.mm */ = {isa = PBXFileReference; lastKnownFileType = sourcecode.cpp.objcpp; path = hashtable2.mm; sourceTree = "<group>"; };
		48CDA85021B4362000B32374 /* a2a3-blocktramps-arm.s */ = {isa = PBXFileReference; lastKnownFileType = sourcecode.asm; path = "a2a3-blocktramps-arm.s"; sourceTree = "<group>"; };
		48CDA85121B4362000B32374 /* objc-references.h */ = {isa = PBXFileReference; lastKnownFileType = sourcecode.c.h; path = "objc-references.h"; sourceTree = "<group>"; };
		48CDA85221B4362000B32374 /* objc-sel-old.mm */ = {isa = PBXFileReference; lastKnownFileType = sourcecode.cpp.objcpp; path = "objc-sel-old.mm"; sourceTree = "<group>"; };
		48CDA85321B4362000B32374 /* objc-typeencoding.mm */ = {isa = PBXFileReference; lastKnownFileType = sourcecode.cpp.objcpp; path = "objc-typeencoding.mm"; sourceTree = "<group>"; };
		48CDA85421B4362000B32374 /* objc-opt.mm */ = {isa = PBXFileReference; lastKnownFileType = sourcecode.cpp.objcpp; path = "objc-opt.mm"; sourceTree = "<group>"; };
		48CDA85521B4362000B32374 /* objc-runtime-new.h */ = {isa = PBXFileReference; lastKnownFileType = sourcecode.c.h; path = "objc-runtime-new.h"; sourceTree = "<group>"; };
		48CDA85621B4362000B32374 /* objc-locks.h */ = {isa = PBXFileReference; lastKnownFileType = sourcecode.c.h; path = "objc-locks.h"; sourceTree = "<group>"; };
		48CDA85721B4362000B32374 /* objc-auto.h */ = {isa = PBXFileReference; lastKnownFileType = sourcecode.c.h; path = "objc-auto.h"; sourceTree = "<group>"; };
		48CDA85821B4362000B32374 /* objc-lockdebug.mm */ = {isa = PBXFileReference; lastKnownFileType = sourcecode.cpp.objcpp; path = "objc-lockdebug.mm"; sourceTree = "<group>"; };
		48CDA85921B4362000B32374 /* llvm-DenseMap.h */ = {isa = PBXFileReference; lastKnownFileType = sourcecode.c.h; path = "llvm-DenseMap.h"; sourceTree = "<group>"; };
		48CDA85A21B4362000B32374 /* objc-cache.mm */ = {isa = PBXFileReference; lastKnownFileType = sourcecode.cpp.objcpp; path = "objc-cache.mm"; sourceTree = "<group>"; };
		48CDA85B21B4362000B32374 /* a1a2-blocktramps-arm.s */ = {isa = PBXFileReference; lastKnownFileType = sourcecode.asm; path = "a1a2-blocktramps-arm.s"; sourceTree = "<group>"; };
		48CDA85C21B4362000B32374 /* llvm-AlignOf.h */ = {isa = PBXFileReference; lastKnownFileType = sourcecode.c.h; path = "llvm-AlignOf.h"; sourceTree = "<group>"; };
		48CDA85D21B4362000B32374 /* objc-api.h */ = {isa = PBXFileReference; lastKnownFileType = sourcecode.c.h; path = "objc-api.h"; sourceTree = "<group>"; };
		48CDA85E21B4362000B32374 /* hashtable2.h */ = {isa = PBXFileReference; lastKnownFileType = sourcecode.c.h; path = hashtable2.h; sourceTree = "<group>"; };
		48CDA85F21B4362000B32374 /* Protocol.mm */ = {isa = PBXFileReference; lastKnownFileType = sourcecode.cpp.objcpp; path = Protocol.mm; sourceTree = "<group>"; };
		48CDA86021B4362000B32374 /* objc-runtime.h */ = {isa = PBXFileReference; lastKnownFileType = sourcecode.c.h; path = "objc-runtime.h"; sourceTree = "<group>"; };
		48CDA86121B4362000B32374 /* objc.xcodeproj */ = {isa = PBXFileReference; lastKnownFileType = "wrapper.pb-project"; path = objc.xcodeproj; sourceTree = "<group>"; };
		48CDA86421B4362000B32374 /* interposable.txt */ = {isa = PBXFileReference; lastKnownFileType = text; path = interposable.txt; sourceTree = "<group>"; };
		48CDA86521B4362000B32374 /* markgc.cpp */ = {isa = PBXFileReference; lastKnownFileType = sourcecode.cpp.cpp; path = markgc.cpp; sourceTree = "<group>"; };
		48CDA86621B4362000B32374 /* version.rc */ = {isa = PBXFileReference; lastKnownFileType = text; path = version.rc; sourceTree = "<group>"; };
		48CDA86721B4362000B32374 /* objc.sln */ = {isa = PBXFileReference; lastKnownFileType = text; path = objc.sln; sourceTree = "<group>"; };
		48CDA86821B4362000B32374 /* objc.vcproj */ = {isa = PBXFileReference; lastKnownFileType = text.xml; path = objc.vcproj; sourceTree = "<group>"; };
/* End PBXFileReference section */

/* Begin PBXFrameworksBuildPhase section */
		48CDA6F721B2C18300B32374 /* Frameworks */ = {
			isa = PBXFrameworksBuildPhase;
			buildActionMask = 2147483647;
			files = (
			);
			runOnlyForDeploymentPostprocessing = 0;
		};
		48CDA70F21B2C18400B32374 /* Frameworks */ = {
			isa = PBXFrameworksBuildPhase;
			buildActionMask = 2147483647;
			files = (
			);
			runOnlyForDeploymentPostprocessing = 0;
		};
/* End PBXFrameworksBuildPhase section */

/* Begin PBXGroup section */
		48CDA6F121B2C18300B32374 = {
			isa = PBXGroup;
			children = (
				48CDA6FC21B2C18300B32374 /* iOS底层原理总结 */,
				48CDA71521B2C18400B32374 /* iOS底层原理总结UITests */,
				48CDA6FB21B2C18300B32374 /* Products */,
			);
			sourceTree = "<group>";
		};
		48CDA6FB21B2C18300B32374 /* Products */ = {
			isa = PBXGroup;
			children = (
				48CDA6FA21B2C18300B32374 /* iOS底层原理总结.app */,
				48CDA71221B2C18400B32374 /* iOS底层原理总结UITests.xctest */,
			);
			name = Products;
			sourceTree = "<group>";
		};
		48CDA6FC21B2C18300B32374 /* iOS底层原理总结 */ = {
			isa = PBXGroup;
			children = (
				48CDA7EF21B4362000B32374 /* objc4-723 */,
				48CDA72921B418E900B32374 /* OC结构 */,
				48CDA6FD21B2C18300B32374 /* AppDelegate.h */,
				48CDA6FE21B2C18300B32374 /* AppDelegate.m */,
				48CDA70021B2C18300B32374 /* ViewController.h */,
				48CDA70121B2C18300B32374 /* ViewController.m */,
				48CDA72521B3648D00B32374 /* Student.h */,
				48CDA72621B3648D00B32374 /* Student.m */,
				48CDA72121B3647600B32374 /* main.cpp */,
				48CDA72221B3647600B32374 /* ViewController.cpp */,
				48CDA72821B369C700B32374 /* Student.cpp */,
				48CDA70321B2C18300B32374 /* Main.storyboard */,
				48CDA70621B2C18400B32374 /* Assets.xcassets */,
				48CDA70821B2C18400B32374 /* LaunchScreen.storyboard */,
				48CDA70B21B2C18400B32374 /* Info.plist */,
				48CDA70C21B2C18400B32374 /* main.m */,
			);
			path = "iOS底层原理总结";
			sourceTree = "<group>";
		};
		48CDA71521B2C18400B32374 /* iOS底层原理总结UITests */ = {
			isa = PBXGroup;
			children = (
				48CDA71621B2C18400B32374 /* iOS______UITests.m */,
				48CDA71821B2C18400B32374 /* Info.plist */,
			);
			path = "iOS底层原理总结UITests";
			sourceTree = "<group>";
		};
		48CDA72921B418E900B32374 /* OC结构 */ = {
			isa = PBXGroup;
			children = (
				48CDA72A21B4190300B32374 /* PersonOne.h */,
				48CDA72B21B4190300B32374 /* PersonOne.m */,
				48CDA72D21B41D6A00B32374 /* StuentOne.h */,
				48CDA72E21B41D6A00B32374 /* StuentOne.m */,
			);
			path = "OC结构";
			sourceTree = "<group>";
		};
		48CDA7EF21B4362000B32374 /* objc4-723 */ = {
			isa = PBXGroup;
			children = (
				48CDA7F021B4362000B32374 /* version.bat */,
				48CDA7F121B4362000B32374 /* objcrt */,
				48CDA7F321B4362000B32374 /* libobjc.order */,
				48CDA7F421B4362000B32374 /* APPLE_LICENSE */,
				48CDA7F521B4362000B32374 /* prebuild.bat */,
				48CDA7F621B4362000B32374 /* objc.suo */,
				48CDA7F721B4362000B32374 /* unexported_symbols */,
				48CDA7F821B4362000B32374 /* ReleaseNotes.rtf */,
				48CDA7F921B4362000B32374 /* runtime */,
				48CDA86121B4362000B32374 /* objc.xcodeproj */,
				48CDA86421B4362000B32374 /* interposable.txt */,
				48CDA86521B4362000B32374 /* markgc.cpp */,
				48CDA86621B4362000B32374 /* version.rc */,
				48CDA86721B4362000B32374 /* objc.sln */,
				48CDA86821B4362000B32374 /* objc.vcproj */,
			);
			path = "objc4-723";
			sourceTree = SOURCE_ROOT;
		};
		48CDA7F121B4362000B32374 /* objcrt */ = {
			isa = PBXGroup;
			children = (
				48CDA7F221B4362000B32374 /* objcrt.vcproj */,
			);
			path = objcrt;
			sourceTree = "<group>";
		};
		48CDA7F921B4362000B32374 /* runtime */ = {
			isa = PBXGroup;
			children = (
				48CDA7FA21B4362000B32374 /* Protocol.h */,
				48CDA7FB21B4362000B32374 /* objc-file.mm */,
				48CDA7FC21B4362000B32374 /* objc-errors.mm */,
				48CDA7FD21B4362000B32374 /* objc-config.h */,
				48CDA7FE21B4362000B32374 /* objc-private.h */,
				48CDA7FF21B4362000B32374 /* Messengers.subproj */,
				48CDA80721B4362000B32374 /* llvm-DenseMapInfo.h */,
				48CDA80821B4362000B32374 /* objc-class.mm */,
				48CDA80921B4362000B32374 /* a1a2-blocktramps-x86_64.s */,
				48CDA80A21B4362000B32374 /* objc-runtime-new.mm */,
				48CDA80B21B4362000B32374 /* objc-file-old.mm */,
				48CDA80C21B4362000B32374 /* a1a2-blocktramps-i386.s */,
				48CDA80D21B4362000B32374 /* objc-sel-table.s */,
				48CDA80E21B4362000B32374 /* objc-locks-new.h */,
				48CDA80F21B4362000B32374 /* objc-os.h */,
				48CDA81021B4362000B32374 /* objc-exception.h */,
				48CDA81121B4362000B32374 /* NSObjCRuntime.h */,
				48CDA81221B4362000B32374 /* objc-cache-old.h */,
				48CDA81321B4362000B32374 /* a2a3-blocktramps-i386.s */,
				48CDA81421B4362000B32374 /* NSObject.mm */,
				48CDA81521B4362000B32374 /* objcrt.h */,
				48CDA81621B4362000B32374 /* objc-references.mm */,
				48CDA81721B4362000B32374 /* objc-sel-set.mm */,
				48CDA81821B4362000B32374 /* objc-sync.h */,
				48CDA81921B4362000B32374 /* hashtable.h */,
				48CDA81A21B4362000B32374 /* objc-initialize.mm */,
				48CDA81B21B4362000B32374 /* a2a3-blocktramps-x86_64.s */,
				48CDA81C21B4362000B32374 /* objc-load.mm */,
				48CDA81D21B4362000B32374 /* objc-lockdebug.h */,
				48CDA81E21B4362000B32374 /* objc-load.h */,
				48CDA81F21B4362000B32374 /* Module */,
				48CDA82221B4362000B32374 /* llvm-type_traits.h */,
				48CDA82321B4362000B32374 /* OldClasses.subproj */,
				48CDA82621B4362000B32374 /* objc-block-trampolines.mm */,
				48CDA82721B4362000B32374 /* objc-loadmethod.mm */,
				48CDA82821B4362000B32374 /* objc-runtime.mm */,
				48CDA82921B4362000B32374 /* objc-file.h */,
				48CDA82A21B4362000B32374 /* objc-probes.d */,
				48CDA82B21B4362000B32374 /* objc-class-old.mm */,
				48CDA82C21B4362000B32374 /* message.h */,
				48CDA82D21B4362000B32374 /* objc-cache.h */,
				48CDA82E21B4362000B32374 /* objc-weak.mm */,
				48CDA82F21B4362000B32374 /* objc-env.h */,
				48CDA83021B4362000B32374 /* maptable.mm */,
				48CDA83121B4362000B32374 /* objc-file-old.h */,
				48CDA83221B4362000B32374 /* objc.h */,
				48CDA83321B4362000B32374 /* objc-locks-old.h */,
				48CDA83421B4362000B32374 /* objc-auto.mm */,
				48CDA83521B4362000B32374 /* objc-cache-old.mm */,
				48CDA83621B4362000B32374 /* objc-sel-set.h */,
				48CDA83721B4362000B32374 /* llvm-MathExtras.h */,
				48CDA83821B4362000B32374 /* objc-sel.mm */,
				48CDA83921B4362000B32374 /* runtime.h */,
				48CDA83A21B4362000B32374 /* objc-gdb.h */,
				48CDA83B21B4362000B32374 /* objc-class.h */,
				48CDA83C21B4362000B32374 /* NSObject.h */,
				48CDA83D21B4362000B32374 /* objc-internal.h */,
				48CDA83E21B4362000B32374 /* objc-weak.h */,
				48CDA83F21B4362000B32374 /* Object.mm */,
				48CDA84021B4362000B32374 /* objc-sync.mm */,
				48CDA84121B4362000B32374 /* maptable.h */,
				48CDA84221B4362000B32374 /* objc-runtime-old.h */,
				48CDA84321B4362000B32374 /* objc-exception.mm */,
				48CDA84421B4362000B32374 /* objc-object.h */,
				48CDA84521B4362000B32374 /* objc-layout.mm */,
				48CDA84621B4362000B32374 /* objc-initialize.h */,
				48CDA84721B4362000B32374 /* objc-runtime-old.mm */,
				48CDA84821B4362000B32374 /* objc-abi.h */,
				48CDA84921B4362000B32374 /* a1a2-blocktramps-arm64.s */,
				48CDA84A21B4362000B32374 /* objc-os.mm */,
				48CDA84B21B4362000B32374 /* objc-accessors.mm */,
				48CDA84C21B4362000B32374 /* objcrt.c */,
				48CDA84D21B4362000B32374 /* objc-loadmethod.h */,
				48CDA84E21B4362000B32374 /* Object.h */,
				48CDA84F21B4362000B32374 /* hashtable2.mm */,
				48CDA85021B4362000B32374 /* a2a3-blocktramps-arm.s */,
				48CDA85121B4362000B32374 /* objc-references.h */,
				48CDA85221B4362000B32374 /* objc-sel-old.mm */,
				48CDA85321B4362000B32374 /* objc-typeencoding.mm */,
				48CDA85421B4362000B32374 /* objc-opt.mm */,
				48CDA85521B4362000B32374 /* objc-runtime-new.h */,
				48CDA85621B4362000B32374 /* objc-locks.h */,
				48CDA85721B4362000B32374 /* objc-auto.h */,
				48CDA85821B4362000B32374 /* objc-lockdebug.mm */,
				48CDA85921B4362000B32374 /* llvm-DenseMap.h */,
				48CDA85A21B4362000B32374 /* objc-cache.mm */,
				48CDA85B21B4362000B32374 /* a1a2-blocktramps-arm.s */,
				48CDA85C21B4362000B32374 /* llvm-AlignOf.h */,
				48CDA85D21B4362000B32374 /* objc-api.h */,
				48CDA85E21B4362000B32374 /* hashtable2.h */,
				48CDA85F21B4362000B32374 /* Protocol.mm */,
				48CDA86021B4362000B32374 /* objc-runtime.h */,
			);
			path = runtime;
			sourceTree = "<group>";
		};
		48CDA7FF21B4362000B32374 /* Messengers.subproj */ = {
			isa = PBXGroup;
			children = (
				48CDA80021B4362000B32374 /* objc-msg-arm.s */,
				48CDA80121B4362000B32374 /* objc-msg-simulator-i386.s */,
				48CDA80221B4362000B32374 /* objc-msg-i386.s */,
				48CDA80321B4362000B32374 /* objc-msg-x86_64.s */,
				48CDA80421B4362000B32374 /* objc-msg-simulator-x86_64.s */,
				48CDA80521B4362000B32374 /* objc-msg-win32.m */,
				48CDA80621B4362000B32374 /* objc-msg-arm64.s */,
			);
			path = Messengers.subproj;
			sourceTree = "<group>";
		};
		48CDA81F21B4362000B32374 /* Module */ = {
			isa = PBXGroup;
			children = (
				48CDA82021B4362000B32374 /* ObjectiveC.apinotes */,
				48CDA82121B4362000B32374 /* module.modulemap */,
			);
			path = Module;
			sourceTree = "<group>";
		};
		48CDA82321B4362000B32374 /* OldClasses.subproj */ = {
			isa = PBXGroup;
			children = (
				48CDA82421B4362000B32374 /* List.m */,
				48CDA82521B4362000B32374 /* List.h */,
			);
			path = OldClasses.subproj;
			sourceTree = "<group>";
		};
		48CDA86221B4362000B32374 /* Products */ = {
			isa = PBXGroup;
			children = (
				48CDA86C21B4362000B32374 /* libobjc.A.dylib */,
			);
			name = Products;
			sourceTree = "<group>";
		};
/* End PBXGroup section */

/* Begin PBXNativeTarget section */
		48CDA6F921B2C18300B32374 /* iOS底层原理总结 */ = {
			isa = PBXNativeTarget;
			buildConfigurationList = 48CDA71B21B2C18500B32374 /* Build configuration list for PBXNativeTarget "iOS底层原理总结" */;
			buildPhases = (
				48CDA6F621B2C18300B32374 /* Sources */,
				48CDA6F721B2C18300B32374 /* Frameworks */,
				48CDA6F821B2C18300B32374 /* Resources */,
			);
			buildRules = (
			);
			dependencies = (
			);
			name = "iOS底层原理总结";
			productName = "iOS底层原理总结";
			productReference = 48CDA6FA21B2C18300B32374 /* iOS底层原理总结.app */;
			productType = "com.apple.product-type.application";
		};
		48CDA71121B2C18400B32374 /* iOS底层原理总结UITests */ = {
			isa = PBXNativeTarget;
			buildConfigurationList = 48CDA71E21B2C18500B32374 /* Build configuration list for PBXNativeTarget "iOS底层原理总结UITests" */;
			buildPhases = (
				48CDA70E21B2C18400B32374 /* Sources */,
				48CDA70F21B2C18400B32374 /* Frameworks */,
				48CDA71021B2C18400B32374 /* Resources */,
			);
			buildRules = (
			);
			dependencies = (
				48CDA71421B2C18400B32374 /* PBXTargetDependency */,
			);
			name = "iOS底层原理总结UITests";
			productName = "iOS底层原理总结UITests";
			productReference = 48CDA71221B2C18400B32374 /* iOS底层原理总结UITests.xctest */;
			productType = "com.apple.product-type.bundle.ui-testing";
		};
/* End PBXNativeTarget section */

/* Begin PBXProject section */
		48CDA6F221B2C18300B32374 /* Project object */ = {
			isa = PBXProject;
			attributes = {
				LastUpgradeCheck = 1000;
				ORGANIZATIONNAME = "Li, Havi X. -ND";
				TargetAttributes = {
					48CDA6F921B2C18300B32374 = {
						CreatedOnToolsVersion = 10.0;
					};
					48CDA71121B2C18400B32374 = {
						CreatedOnToolsVersion = 10.0;
						TestTargetID = 48CDA6F921B2C18300B32374;
					};
				};
			};
			buildConfigurationList = 48CDA6F521B2C18300B32374 /* Build configuration list for PBXProject "iOS底层原理总结" */;
			compatibilityVersion = "Xcode 9.3";
			developmentRegion = en;
			hasScannedForEncodings = 0;
			knownRegions = (
				en,
				Base,
			);
			mainGroup = 48CDA6F121B2C18300B32374;
			productRefGroup = 48CDA6FB21B2C18300B32374 /* Products */;
			projectDirPath = "";
			projectReferences = (
				{
					ProductGroup = 48CDA86221B4362000B32374 /* Products */;
					ProjectRef = 48CDA86121B4362000B32374 /* objc.xcodeproj */;
				},
			);
			projectRoot = "";
			targets = (
				48CDA6F921B2C18300B32374 /* iOS底层原理总结 */,
				48CDA71121B2C18400B32374 /* iOS底层原理总结UITests */,
			);
		};
/* End PBXProject section */

/* Begin PBXReferenceProxy section */
		48CDA86C21B4362000B32374 /* libobjc.A.dylib */ = {
			isa = PBXReferenceProxy;
			fileType = "compiled.mach-o.dylib";
			path = libobjc.A.dylib;
			remoteRef = 48CDA86B21B4362000B32374 /* PBXContainerItemProxy */;
			sourceTree = BUILT_PRODUCTS_DIR;
		};
/* End PBXReferenceProxy section */

/* Begin PBXResourcesBuildPhase section */
		48CDA6F821B2C18300B32374 /* Resources */ = {
			isa = PBXResourcesBuildPhase;
			buildActionMask = 2147483647;
			files = (
				48CDA70A21B2C18400B32374 /* LaunchScreen.storyboard in Resources */,
				48CDA70721B2C18400B32374 /* Assets.xcassets in Resources */,
				48CDA70521B2C18300B32374 /* Main.storyboard in Resources */,
			);
			runOnlyForDeploymentPostprocessing = 0;
		};
		48CDA71021B2C18400B32374 /* Resources */ = {
			isa = PBXResourcesBuildPhase;
			buildActionMask = 2147483647;
			files = (
			);
			runOnlyForDeploymentPostprocessing = 0;
		};
/* End PBXResourcesBuildPhase section */

/* Begin PBXSourcesBuildPhase section */
		48CDA6F621B2C18300B32374 /* Sources */ = {
			isa = PBXSourcesBuildPhase;
			buildActionMask = 2147483647;
			files = (
				48CDA72C21B4190300B32374 /* PersonOne.m in Sources */,
				48CDA70221B2C18300B32374 /* ViewController.m in Sources */,
				48CDA70D21B2C18400B32374 /* main.m in Sources */,
				48CDA72F21B41D6A00B32374 /* StuentOne.m in Sources */,
				48CDA6FF21B2C18300B32374 /* AppDelegate.m in Sources */,
				48CDA72721B3648D00B32374 /* Student.m in Sources */,
			);
			runOnlyForDeploymentPostprocessing = 0;
		};
		48CDA70E21B2C18400B32374 /* Sources */ = {
			isa = PBXSourcesBuildPhase;
			buildActionMask = 2147483647;
			files = (
				48CDA71721B2C18400B32374 /* iOS______UITests.m in Sources */,
			);
			runOnlyForDeploymentPostprocessing = 0;
		};
/* End PBXSourcesBuildPhase section */

/* Begin PBXTargetDependency section */
		48CDA71421B2C18400B32374 /* PBXTargetDependency */ = {
			isa = PBXTargetDependency;
			target = 48CDA6F921B2C18300B32374 /* iOS底层原理总结 */;
			targetProxy = 48CDA71321B2C18400B32374 /* PBXContainerItemProxy */;
		};
/* End PBXTargetDependency section */

/* Begin PBXVariantGroup section */
		48CDA70321B2C18300B32374 /* Main.storyboard */ = {
			isa = PBXVariantGroup;
			children = (
				48CDA70421B2C18300B32374 /* Base */,
			);
			name = Main.storyboard;
			sourceTree = "<group>";
		};
		48CDA70821B2C18400B32374 /* LaunchScreen.storyboard */ = {
			isa = PBXVariantGroup;
			children = (
				48CDA70921B2C18400B32374 /* Base */,
			);
			name = LaunchScreen.storyboard;
			sourceTree = "<group>";
		};
/* End PBXVariantGroup section */

/* Begin XCBuildConfiguration section */
		48CDA71921B2C18500B32374 /* Debug */ = {
			isa = XCBuildConfiguration;
			buildSettings = {
				ALWAYS_SEARCH_USER_PATHS = NO;
				CLANG_ANALYZER_NONNULL = YES;
				CLANG_ANALYZER_NUMBER_OBJECT_CONVERSION = YES_AGGRESSIVE;
				CLANG_CXX_LANGUAGE_STANDARD = "gnu++14";
				CLANG_CXX_LIBRARY = "libc++";
				CLANG_ENABLE_MODULES = YES;
				CLANG_ENABLE_OBJC_ARC = YES;
				CLANG_ENABLE_OBJC_WEAK = YES;
				CLANG_WARN_BLOCK_CAPTURE_AUTORELEASING = YES;
				CLANG_WARN_BOOL_CONVERSION = YES;
				CLANG_WARN_COMMA = YES;
				CLANG_WARN_CONSTANT_CONVERSION = YES;
				CLANG_WARN_DEPRECATED_OBJC_IMPLEMENTATIONS = YES;
				CLANG_WARN_DIRECT_OBJC_ISA_USAGE = YES_ERROR;
				CLANG_WARN_DOCUMENTATION_COMMENTS = YES;
				CLANG_WARN_EMPTY_BODY = YES;
				CLANG_WARN_ENUM_CONVERSION = YES;
				CLANG_WARN_INFINITE_RECURSION = YES;
				CLANG_WARN_INT_CONVERSION = YES;
				CLANG_WARN_NON_LITERAL_NULL_CONVERSION = YES;
				CLANG_WARN_OBJC_IMPLICIT_RETAIN_SELF = YES;
				CLANG_WARN_OBJC_LITERAL_CONVERSION = YES;
				CLANG_WARN_OBJC_ROOT_CLASS = YES_ERROR;
				CLANG_WARN_RANGE_LOOP_ANALYSIS = YES;
				CLANG_WARN_STRICT_PROTOTYPES = YES;
				CLANG_WARN_SUSPICIOUS_MOVE = YES;
				CLANG_WARN_UNGUARDED_AVAILABILITY = YES_AGGRESSIVE;
				CLANG_WARN_UNREACHABLE_CODE = YES;
				CLANG_WARN__DUPLICATE_METHOD_MATCH = YES;
				CODE_SIGN_IDENTITY = "iPhone Developer";
				COPY_PHASE_STRIP = NO;
				DEBUG_INFORMATION_FORMAT = dwarf;
				ENABLE_STRICT_OBJC_MSGSEND = YES;
				ENABLE_TESTABILITY = YES;
				GCC_C_LANGUAGE_STANDARD = gnu11;
				GCC_DYNAMIC_NO_PIC = NO;
				GCC_NO_COMMON_BLOCKS = YES;
				GCC_OPTIMIZATION_LEVEL = 0;
				GCC_PREPROCESSOR_DEFINITIONS = (
					"DEBUG=1",
					"$(inherited)",
				);
				GCC_WARN_64_TO_32_BIT_CONVERSION = YES;
				GCC_WARN_ABOUT_RETURN_TYPE = YES_ERROR;
				GCC_WARN_UNDECLARED_SELECTOR = YES;
				GCC_WARN_UNINITIALIZED_AUTOS = YES_AGGRESSIVE;
				GCC_WARN_UNUSED_FUNCTION = YES;
				GCC_WARN_UNUSED_VARIABLE = YES;
				IPHONEOS_DEPLOYMENT_TARGET = 10.3;
				MTL_ENABLE_DEBUG_INFO = INCLUDE_SOURCE;
				MTL_FAST_MATH = YES;
				ONLY_ACTIVE_ARCH = YES;
				SDKROOT = iphoneos;
			};
			name = Debug;
		};
		48CDA71A21B2C18500B32374 /* Release */ = {
			isa = XCBuildConfiguration;
			buildSettings = {
				ALWAYS_SEARCH_USER_PATHS = NO;
				CLANG_ANALYZER_NONNULL = YES;
				CLANG_ANALYZER_NUMBER_OBJECT_CONVERSION = YES_AGGRESSIVE;
				CLANG_CXX_LANGUAGE_STANDARD = "gnu++14";
				CLANG_CXX_LIBRARY = "libc++";
				CLANG_ENABLE_MODULES = YES;
				CLANG_ENABLE_OBJC_ARC = YES;
				CLANG_ENABLE_OBJC_WEAK = YES;
				CLANG_WARN_BLOCK_CAPTURE_AUTORELEASING = YES;
				CLANG_WARN_BOOL_CONVERSION = YES;
				CLANG_WARN_COMMA = YES;
				CLANG_WARN_CONSTANT_CONVERSION = YES;
				CLANG_WARN_DEPRECATED_OBJC_IMPLEMENTATIONS = YES;
				CLANG_WARN_DIRECT_OBJC_ISA_USAGE = YES_ERROR;
				CLANG_WARN_DOCUMENTATION_COMMENTS = YES;
				CLANG_WARN_EMPTY_BODY = YES;
				CLANG_WARN_ENUM_CONVERSION = YES;
				CLANG_WARN_INFINITE_RECURSION = YES;
				CLANG_WARN_INT_CONVERSION = YES;
				CLANG_WARN_NON_LITERAL_NULL_CONVERSION = YES;
				CLANG_WARN_OBJC_IMPLICIT_RETAIN_SELF = YES;
				CLANG_WARN_OBJC_LITERAL_CONVERSION = YES;
				CLANG_WARN_OBJC_ROOT_CLASS = YES_ERROR;
				CLANG_WARN_RANGE_LOOP_ANALYSIS = YES;
				CLANG_WARN_STRICT_PROTOTYPES = YES;
				CLANG_WARN_SUSPICIOUS_MOVE = YES;
				CLANG_WARN_UNGUARDED_AVAILABILITY = YES_AGGRESSIVE;
				CLANG_WARN_UNREACHABLE_CODE = YES;
				CLANG_WARN__DUPLICATE_METHOD_MATCH = YES;
				CODE_SIGN_IDENTITY = "iPhone Developer";
				COPY_PHASE_STRIP = NO;
				DEBUG_INFORMATION_FORMAT = "dwarf-with-dsym";
				ENABLE_NS_ASSERTIONS = NO;
				ENABLE_STRICT_OBJC_MSGSEND = YES;
				GCC_C_LANGUAGE_STANDARD = gnu11;
				GCC_NO_COMMON_BLOCKS = YES;
				GCC_WARN_64_TO_32_BIT_CONVERSION = YES;
				GCC_WARN_ABOUT_RETURN_TYPE = YES_ERROR;
				GCC_WARN_UNDECLARED_SELECTOR = YES;
				GCC_WARN_UNINITIALIZED_AUTOS = YES_AGGRESSIVE;
				GCC_WARN_UNUSED_FUNCTION = YES;
				GCC_WARN_UNUSED_VARIABLE = YES;
				IPHONEOS_DEPLOYMENT_TARGET = 10.3;
				MTL_ENABLE_DEBUG_INFO = NO;
				MTL_FAST_MATH = YES;
				SDKROOT = iphoneos;
				VALIDATE_PRODUCT = YES;
			};
			name = Release;
		};
		48CDA71C21B2C18500B32374 /* Debug */ = {
			isa = XCBuildConfiguration;
			buildSettings = {
				ASSETCATALOG_COMPILER_APPICON_NAME = AppIcon;
				CODE_SIGN_STYLE = Automatic;
				INFOPLIST_FILE = "iOS底层原理总结/Info.plist";
				LD_RUNPATH_SEARCH_PATHS = (
					"$(inherited)",
					"@executable_path/Frameworks",
				);
				PRODUCT_BUNDLE_IDENTIFIER = "Disney.iOS------";
				PRODUCT_NAME = "$(TARGET_NAME)";
				TARGETED_DEVICE_FAMILY = 1;
			};
			name = Debug;
		};
		48CDA71D21B2C18500B32374 /* Release */ = {
			isa = XCBuildConfiguration;
			buildSettings = {
				ASSETCATALOG_COMPILER_APPICON_NAME = AppIcon;
				CODE_SIGN_STYLE = Automatic;
				INFOPLIST_FILE = "iOS底层原理总结/Info.plist";
				LD_RUNPATH_SEARCH_PATHS = (
					"$(inherited)",
					"@executable_path/Frameworks",
				);
				PRODUCT_BUNDLE_IDENTIFIER = "Disney.iOS------";
				PRODUCT_NAME = "$(TARGET_NAME)";
				TARGETED_DEVICE_FAMILY = 1;
			};
			name = Release;
		};
		48CDA71F21B2C18500B32374 /* Debug */ = {
			isa = XCBuildConfiguration;
			buildSettings = {
				CODE_SIGN_STYLE = Automatic;
				INFOPLIST_FILE = "iOS底层原理总结UITests/Info.plist";
				LD_RUNPATH_SEARCH_PATHS = (
					"$(inherited)",
					"@executable_path/Frameworks",
					"@loader_path/Frameworks",
				);
				PRODUCT_BUNDLE_IDENTIFIER = "Disney.iOS------UITests";
				PRODUCT_NAME = "$(TARGET_NAME)";
				TARGETED_DEVICE_FAMILY = "1,2";
				TEST_TARGET_NAME = "iOS底层原理总结";
			};
			name = Debug;
		};
		48CDA72021B2C18500B32374 /* Release */ = {
			isa = XCBuildConfiguration;
			buildSettings = {
				CODE_SIGN_STYLE = Automatic;
				INFOPLIST_FILE = "iOS底层原理总结UITests/Info.plist";
				LD_RUNPATH_SEARCH_PATHS = (
					"$(inherited)",
					"@executable_path/Frameworks",
					"@loader_path/Frameworks",
				);
				PRODUCT_BUNDLE_IDENTIFIER = "Disney.iOS------UITests";
				PRODUCT_NAME = "$(TARGET_NAME)";
				TARGETED_DEVICE_FAMILY = "1,2";
				TEST_TARGET_NAME = "iOS底层原理总结";
			};
			name = Release;
		};
/* End XCBuildConfiguration section */

/* Begin XCConfigurationList section */
		48CDA6F521B2C18300B32374 /* Build configuration list for PBXProject "iOS底层原理总结" */ = {
			isa = XCConfigurationList;
			buildConfigurations = (
				48CDA71921B2C18500B32374 /* Debug */,
				48CDA71A21B2C18500B32374 /* Release */,
			);
			defaultConfigurationIsVisible = 0;
			defaultConfigurationName = Release;
		};
		48CDA71B21B2C18500B32374 /* Build configuration list for PBXNativeTarget "iOS底层原理总结" */ = {
			isa = XCConfigurationList;
			buildConfigurations = (
				48CDA71C21B2C18500B32374 /* Debug */,
				48CDA71D21B2C18500B32374 /* Release */,
			);
			defaultConfigurationIsVisible = 0;
			defaultConfigurationName = Release;
		};
		48CDA71E21B2C18500B32374 /* Build configuration list for PBXNativeTarget "iOS底层原理总结UITests" */ = {
			isa = XCConfigurationList;
			buildConfigurations = (
				48CDA71F21B2C18500B32374 /* Debug */,
				48CDA72021B2C18500B32374 /* Release */,
			);
			defaultConfigurationIsVisible = 0;
			defaultConfigurationName = Release;
		};
/* End XCConfigurationList section */
	};
	rootObject = 48CDA6F221B2C18300B32374 /* Project object */;
}
